
Microsoft Visual Studio Solution File, Format Version 12.00
# Visual Studio Version 17
VisualStudioVersion = 17.0.31903.59
MinimumVisualStudioVersion = 10.0.40219.1
Project("{FAE04EC0-301F-11D3-BF4B-00C04F79EFBC}") = "AiOrchestrator.Abstractions", "AiOrchestrator.Abstractions\AiOrchestrator.Abstractions.csproj", "{7858B3A6-B10E-4845-A8DA-044183AF2974}"
EndProject
Project("{FAE04EC0-301F-11D3-BF4B-00C04F79EFBC}") = "AiOrchestrator.Models", "AiOrchestrator.Models\AiOrchestrator.Models.csproj", "{956ED6D3-C7C2-4F5A-B88E-DFE1068D7F54}"
EndProject
Project("{FAE04EC0-301F-11D3-BF4B-00C04F79EFBC}") = "AiOrchestrator.Audit", "AiOrchestrator.Audit\AiOrchestrator.Audit.csproj", "{4F25C579-8B9D-4175-8485-B858E3C0A7B9}"
EndProject
Project("{FAE04EC0-301F-11D3-BF4B-00C04F79EFBC}") = "AiOrchestrator.Composition", "AiOrchestrator.Composition\AiOrchestrator.Composition.csproj", "{AFCE7B63-45E5-41FD-AD27-08897AC3CBAB}"
EndProject
Project("{FAE04EC0-301F-11D3-BF4B-00C04F79EFBC}") = "AiOrchestrator.EventLog", "AiOrchestrator.EventLog\AiOrchestrator.EventLog.csproj", "{37775F57-966B-4F50-BE19-26DFF33F88C2}"
EndProject
Project("{FAE04EC0-301F-11D3-BF4B-00C04F79EFBC}") = "AiOrchestrator.Eventing", "AiOrchestrator.Eventing\AiOrchestrator.Eventing.csproj", "{51B32663-6A59-4AB4-B675-6EA01EBE1B96}"
EndProject
Project("{FAE04EC0-301F-11D3-BF4B-00C04F79EFBC}") = "AiOrchestrator.FileSystem", "AiOrchestrator.FileSystem\AiOrchestrator.FileSystem.csproj", "{108CC074-E15A-47E7-A851-C872E57CA5C0}"
EndProject
Project("{FAE04EC0-301F-11D3-BF4B-00C04F79EFBC}") = "AiOrchestrator.PathValidator", "AiOrchestrator.PathValidator\AiOrchestrator.PathValidator.csproj", "{248441BC-5C65-4AA2-A510-ACEE5ECC1BF3}"
EndProject
Project("{FAE04EC0-301F-11D3-BF4B-00C04F79EFBC}") = "AiOrchestrator.Logging", "AiOrchestrator.Logging\AiOrchestrator.Logging.csproj", "{2289B118-19C6-4CFB-9459-978C200D3432}"
EndProject
Project("{FAE04EC0-301F-11D3-BF4B-00C04F79EFBC}") = "AiOrchestrator.Time", "AiOrchestrator.Time\AiOrchestrator.Time.csproj", "{55BA3EB3-6742-4BC0-9D48-C151016931B6}"
EndProject
Project("{FAE04EC0-301F-11D3-BF4B-00C04F79EFBC}") = "AiOrchestrator.TestKit", "AiOrchestrator.TestKit\AiOrchestrator.TestKit.csproj", "{B027731B-AF48-440B-AEAF-703451A7FB1C}"
EndProject
Project("{FAE04EC0-301F-11D3-BF4B-00C04F79EFBC}") = "AiOrchestrator.Audit.Tests", "..\..\tests\dotnet\AiOrchestrator.Audit.Tests\AiOrchestrator.Audit.Tests.csproj", "{4E6AFB8B-53EF-47F1-87FB-B8BFBA0E91F6}"
EndProject
Project("{FAE04EC0-301F-11D3-BF4B-00C04F79EFBC}") = "AiOrchestrator.Eventing.Tests", "..\..\tests\dotnet\AiOrchestrator.Eventing.Tests\AiOrchestrator.Eventing.Tests.csproj", "{C28162A3-ECC2-468E-AC10-64C4783AEFAE}"
EndProject
Project("{FAE04EC0-301F-11D3-BF4B-00C04F79EFBC}") = "AiOrchestrator.EventLog.Tests", "..\..\tests\dotnet\AiOrchestrator.EventLog.Tests\AiOrchestrator.EventLog.Tests.csproj", "{79CE8122-B41D-4061-A509-54C0E733E1A8}"
EndProject
Project("{FAE04EC0-301F-11D3-BF4B-00C04F79EFBC}") = "AiOrchestrator.FileSystem.Tests", "..\..\tests\dotnet\AiOrchestrator.FileSystem.Tests\AiOrchestrator.FileSystem.Tests.csproj", "{F91AFB12-F99E-49C0-BAC0-70F222F3C23C}"
EndProject
Project("{FAE04EC0-301F-11D3-BF4B-00C04F79EFBC}") = "AiOrchestrator.Foundation.Tests", "..\..\tests\dotnet\AiOrchestrator.Foundation.Tests\AiOrchestrator.Foundation.Tests.csproj", "{6FDC7BD3-234F-40BA-AD06-E455D5654F56}"
EndProject
Project("{FAE04EC0-301F-11D3-BF4B-00C04F79EFBC}") = "AiOrchestrator.Logging.Tests", "..\..\tests\dotnet\AiOrchestrator.Logging.Tests\AiOrchestrator.Logging.Tests.csproj", "{F38B7EE0-30BE-42EC-9D95-7E9FCAE7D1D2}"
EndProject
Project("{FAE04EC0-301F-11D3-BF4B-00C04F79EFBC}") = "AiOrchestrator.PathValidator.Tests", "..\..\tests\dotnet\AiOrchestrator.PathValidator.Tests\AiOrchestrator.PathValidator.Tests.csproj", "{F4741BA5-0D82-4AE3-A467-AE5D6B5C7DA9}"
EndProject
Project("{FAE04EC0-301F-11D3-BF4B-00C04F79EFBC}") = "AiOrchestrator.TestKit.Tests", "..\..\tests\dotnet\AiOrchestrator.TestKit.Tests\AiOrchestrator.TestKit.Tests.csproj", "{CAA2FDEB-DF8E-42F5-866D-7CF4FEF716DF}"
EndProject
Project("{FAE04EC0-301F-11D3-BF4B-00C04F79EFBC}") = "AiOrchestrator.Time.Tests", "..\..\tests\dotnet\AiOrchestrator.Time.Tests\AiOrchestrator.Time.Tests.csproj", "{DD121344-D140-4995-8D9A-514E1E1EC958}"
EndProject
Project("{FAE04EC0-301F-11D3-BF4B-00C04F79EFBC}") = "AiOrchestrator.Plan.Models", "AiOrchestrator.Plan.Models\AiOrchestrator.Plan.Models.csproj", "{B386136C-1048-4CB8-802A-3258D33ACA2F}"
EndProject
Project("{FAE04EC0-301F-11D3-BF4B-00C04F79EFBC}") = "AiOrchestrator.Plan.Store", "AiOrchestrator.Plan.Store\AiOrchestrator.Plan.Store.csproj", "{3F7B9BDD-104E-432C-BAFC-E6D563DAC5B2}"
EndProject
Project("{FAE04EC0-301F-11D3-BF4B-00C04F79EFBC}") = "AiOrchestrator.Plan.Models.Tests", "..\..\tests\dotnet\AiOrchestrator.Plan.Models.Tests\AiOrchestrator.Plan.Models.Tests.csproj", "{5E2EB712-8892-4882-8D83-1FE2A8C923AA}"
EndProject
Project("{FAE04EC0-301F-11D3-BF4B-00C04F79EFBC}") = "AiOrchestrator.Plan.Store.Tests", "..\..\tests\dotnet\AiOrchestrator.Plan.Store.Tests\AiOrchestrator.Plan.Store.Tests.csproj", "{75724D8E-080B-4124-AEDA-A6027A21E04A}"
EndProject
Project("{FAE04EC0-301F-11D3-BF4B-00C04F79EFBC}") = "AiOrchestrator.Hosting", "AiOrchestrator.Hosting\AiOrchestrator.Hosting.csproj", "{83C725C0-7453-41C0-BF4E-ABE150F219DD}"
EndProject
Project("{FAE04EC0-301F-11D3-BF4B-00C04F79EFBC}") = "AiOrchestrator.Configuration", "AiOrchestrator.Configuration\AiOrchestrator.Configuration.csproj", "{9DAA7BEA-E95A-4247-A4D9-A0000CD3068F}"
EndProject
Project("{FAE04EC0-301F-11D3-BF4B-00C04F79EFBC}") = "AiOrchestrator.Hosting.Tests", "..\..\tests\dotnet\AiOrchestrator.Hosting.Tests\AiOrchestrator.Hosting.Tests.csproj", "{82E0FE65-BF47-4097-B44A-9DD68268D707}"
EndProject
Project("{FAE04EC0-301F-11D3-BF4B-00C04F79EFBC}") = "AiOrchestrator.LineView", "AiOrchestrator.LineView\AiOrchestrator.LineView.csproj", "{C3D4E5F6-A7B8-9012-CDEF-123456789012}"
EndProject
Project("{FAE04EC0-301F-11D3-BF4B-00C04F79EFBC}") = "AiOrchestrator.LineView.Tests", "..\..\tests\dotnet\AiOrchestrator.LineView.Tests\AiOrchestrator.LineView.Tests.csproj", "{D4E5F6A7-B8C9-0123-DEF1-234567890123}"
EndProject
Global
	GlobalSection(SolutionConfigurationPlatforms) = preSolution
		Debug|Any CPU = Debug|Any CPU
		Debug|x64 = Debug|x64
		Debug|x86 = Debug|x86
		Release|Any CPU = Release|Any CPU
		Release|x64 = Release|x64
		Release|x86 = Release|x86
	EndGlobalSection
	GlobalSection(ProjectConfigurationPlatforms) = postSolution
		{7858B3A6-B10E-4845-A8DA-044183AF2974}.Debug|Any CPU.ActiveCfg = Debug|Any CPU
		{7858B3A6-B10E-4845-A8DA-044183AF2974}.Debug|Any CPU.Build.0 = Debug|Any CPU
		{7858B3A6-B10E-4845-A8DA-044183AF2974}.Debug|x64.ActiveCfg = Debug|Any CPU
		{7858B3A6-B10E-4845-A8DA-044183AF2974}.Debug|x64.Build.0 = Debug|Any CPU
		{7858B3A6-B10E-4845-A8DA-044183AF2974}.Debug|x86.ActiveCfg = Debug|Any CPU
		{7858B3A6-B10E-4845-A8DA-044183AF2974}.Debug|x86.Build.0 = Debug|Any CPU
		{7858B3A6-B10E-4845-A8DA-044183AF2974}.Release|Any CPU.ActiveCfg = Release|Any CPU
		{7858B3A6-B10E-4845-A8DA-044183AF2974}.Release|Any CPU.Build.0 = Release|Any CPU
		{7858B3A6-B10E-4845-A8DA-044183AF2974}.Release|x64.ActiveCfg = Release|Any CPU
		{7858B3A6-B10E-4845-A8DA-044183AF2974}.Release|x64.Build.0 = Release|Any CPU
		{7858B3A6-B10E-4845-A8DA-044183AF2974}.Release|x86.ActiveCfg = Release|Any CPU
		{7858B3A6-B10E-4845-A8DA-044183AF2974}.Release|x86.Build.0 = Release|Any CPU
		{956ED6D3-C7C2-4F5A-B88E-DFE1068D7F54}.Debug|Any CPU.ActiveCfg = Debug|Any CPU
		{956ED6D3-C7C2-4F5A-B88E-DFE1068D7F54}.Debug|Any CPU.Build.0 = Debug|Any CPU
		{956ED6D3-C7C2-4F5A-B88E-DFE1068D7F54}.Debug|x64.ActiveCfg = Debug|Any CPU
		{956ED6D3-C7C2-4F5A-B88E-DFE1068D7F54}.Debug|x64.Build.0 = Debug|Any CPU
		{956ED6D3-C7C2-4F5A-B88E-DFE1068D7F54}.Debug|x86.ActiveCfg = Debug|Any CPU
		{956ED6D3-C7C2-4F5A-B88E-DFE1068D7F54}.Debug|x86.Build.0 = Debug|Any CPU
		{956ED6D3-C7C2-4F5A-B88E-DFE1068D7F54}.Release|Any CPU.ActiveCfg = Release|Any CPU
		{956ED6D3-C7C2-4F5A-B88E-DFE1068D7F54}.Release|Any CPU.Build.0 = Release|Any CPU
		{956ED6D3-C7C2-4F5A-B88E-DFE1068D7F54}.Release|x64.ActiveCfg = Release|Any CPU
		{956ED6D3-C7C2-4F5A-B88E-DFE1068D7F54}.Release|x64.Build.0 = Release|Any CPU
		{956ED6D3-C7C2-4F5A-B88E-DFE1068D7F54}.Release|x86.ActiveCfg = Release|Any CPU
		{956ED6D3-C7C2-4F5A-B88E-DFE1068D7F54}.Release|x86.Build.0 = Release|Any CPU
		{4F25C579-8B9D-4175-8485-B858E3C0A7B9}.Debug|Any CPU.ActiveCfg = Debug|Any CPU
		{4F25C579-8B9D-4175-8485-B858E3C0A7B9}.Debug|Any CPU.Build.0 = Debug|Any CPU
		{4F25C579-8B9D-4175-8485-B858E3C0A7B9}.Debug|x64.ActiveCfg = Debug|Any CPU
		{4F25C579-8B9D-4175-8485-B858E3C0A7B9}.Debug|x64.Build.0 = Debug|Any CPU
		{4F25C579-8B9D-4175-8485-B858E3C0A7B9}.Debug|x86.ActiveCfg = Debug|Any CPU
		{4F25C579-8B9D-4175-8485-B858E3C0A7B9}.Debug|x86.Build.0 = Debug|Any CPU
		{4F25C579-8B9D-4175-8485-B858E3C0A7B9}.Release|Any CPU.ActiveCfg = Release|Any CPU
		{4F25C579-8B9D-4175-8485-B858E3C0A7B9}.Release|Any CPU.Build.0 = Release|Any CPU
		{4F25C579-8B9D-4175-8485-B858E3C0A7B9}.Release|x64.ActiveCfg = Release|Any CPU
		{4F25C579-8B9D-4175-8485-B858E3C0A7B9}.Release|x64.Build.0 = Release|Any CPU
		{4F25C579-8B9D-4175-8485-B858E3C0A7B9}.Release|x86.ActiveCfg = Release|Any CPU
		{4F25C579-8B9D-4175-8485-B858E3C0A7B9}.Release|x86.Build.0 = Release|Any CPU
		{AFCE7B63-45E5-41FD-AD27-08897AC3CBAB}.Debug|Any CPU.ActiveCfg = Debug|Any CPU
		{AFCE7B63-45E5-41FD-AD27-08897AC3CBAB}.Debug|Any CPU.Build.0 = Debug|Any CPU
		{AFCE7B63-45E5-41FD-AD27-08897AC3CBAB}.Debug|x64.ActiveCfg = Debug|Any CPU
		{AFCE7B63-45E5-41FD-AD27-08897AC3CBAB}.Debug|x64.Build.0 = Debug|Any CPU
		{AFCE7B63-45E5-41FD-AD27-08897AC3CBAB}.Debug|x86.ActiveCfg = Debug|Any CPU
		{AFCE7B63-45E5-41FD-AD27-08897AC3CBAB}.Debug|x86.Build.0 = Debug|Any CPU
		{AFCE7B63-45E5-41FD-AD27-08897AC3CBAB}.Release|Any CPU.ActiveCfg = Release|Any CPU
		{AFCE7B63-45E5-41FD-AD27-08897AC3CBAB}.Release|Any CPU.Build.0 = Release|Any CPU
		{AFCE7B63-45E5-41FD-AD27-08897AC3CBAB}.Release|x64.ActiveCfg = Release|Any CPU
		{AFCE7B63-45E5-41FD-AD27-08897AC3CBAB}.Release|x64.Build.0 = Release|Any CPU
		{AFCE7B63-45E5-41FD-AD27-08897AC3CBAB}.Release|x86.ActiveCfg = Release|Any CPU
		{AFCE7B63-45E5-41FD-AD27-08897AC3CBAB}.Release|x86.Build.0 = Release|Any CPU
		{37775F57-966B-4F50-BE19-26DFF33F88C2}.Debug|Any CPU.ActiveCfg = Debug|Any CPU
		{37775F57-966B-4F50-BE19-26DFF33F88C2}.Debug|Any CPU.Build.0 = Debug|Any CPU
		{37775F57-966B-4F50-BE19-26DFF33F88C2}.Debug|x64.ActiveCfg = Debug|Any CPU
		{37775F57-966B-4F50-BE19-26DFF33F88C2}.Debug|x64.Build.0 = Debug|Any CPU
		{37775F57-966B-4F50-BE19-26DFF33F88C2}.Debug|x86.ActiveCfg = Debug|Any CPU
		{37775F57-966B-4F50-BE19-26DFF33F88C2}.Debug|x86.Build.0 = Debug|Any CPU
		{37775F57-966B-4F50-BE19-26DFF33F88C2}.Release|Any CPU.ActiveCfg = Release|Any CPU
		{37775F57-966B-4F50-BE19-26DFF33F88C2}.Release|Any CPU.Build.0 = Release|Any CPU
		{37775F57-966B-4F50-BE19-26DFF33F88C2}.Release|x64.ActiveCfg = Release|Any CPU
		{37775F57-966B-4F50-BE19-26DFF33F88C2}.Release|x64.Build.0 = Release|Any CPU
		{37775F57-966B-4F50-BE19-26DFF33F88C2}.Release|x86.ActiveCfg = Release|Any CPU
		{37775F57-966B-4F50-BE19-26DFF33F88C2}.Release|x86.Build.0 = Release|Any CPU
		{51B32663-6A59-4AB4-B675-6EA01EBE1B96}.Debug|Any CPU.ActiveCfg = Debug|Any CPU
		{51B32663-6A59-4AB4-B675-6EA01EBE1B96}.Debug|Any CPU.Build.0 = Debug|Any CPU
		{51B32663-6A59-4AB4-B675-6EA01EBE1B96}.Debug|x64.ActiveCfg = Debug|Any CPU
		{51B32663-6A59-4AB4-B675-6EA01EBE1B96}.Debug|x64.Build.0 = Debug|Any CPU
		{51B32663-6A59-4AB4-B675-6EA01EBE1B96}.Debug|x86.ActiveCfg = Debug|Any CPU
		{51B32663-6A59-4AB4-B675-6EA01EBE1B96}.Debug|x86.Build.0 = Debug|Any CPU
		{51B32663-6A59-4AB4-B675-6EA01EBE1B96}.Release|Any CPU.ActiveCfg = Release|Any CPU
		{51B32663-6A59-4AB4-B675-6EA01EBE1B96}.Release|Any CPU.Build.0 = Release|Any CPU
		{51B32663-6A59-4AB4-B675-6EA01EBE1B96}.Release|x64.ActiveCfg = Release|Any CPU
		{51B32663-6A59-4AB4-B675-6EA01EBE1B96}.Release|x64.Build.0 = Release|Any CPU
		{51B32663-6A59-4AB4-B675-6EA01EBE1B96}.Release|x86.ActiveCfg = Release|Any CPU
		{51B32663-6A59-4AB4-B675-6EA01EBE1B96}.Release|x86.Build.0 = Release|Any CPU
		{108CC074-E15A-47E7-A851-C872E57CA5C0}.Debug|Any CPU.ActiveCfg = Debug|Any CPU
		{108CC074-E15A-47E7-A851-C872E57CA5C0}.Debug|Any CPU.Build.0 = Debug|Any CPU
		{108CC074-E15A-47E7-A851-C872E57CA5C0}.Debug|x64.ActiveCfg = Debug|Any CPU
		{108CC074-E15A-47E7-A851-C872E57CA5C0}.Debug|x64.Build.0 = Debug|Any CPU
		{108CC074-E15A-47E7-A851-C872E57CA5C0}.Debug|x86.ActiveCfg = Debug|Any CPU
		{108CC074-E15A-47E7-A851-C872E57CA5C0}.Debug|x86.Build.0 = Debug|Any CPU
		{108CC074-E15A-47E7-A851-C872E57CA5C0}.Release|Any CPU.ActiveCfg = Release|Any CPU
		{108CC074-E15A-47E7-A851-C872E57CA5C0}.Release|Any CPU.Build.0 = Release|Any CPU
		{108CC074-E15A-47E7-A851-C872E57CA5C0}.Release|x64.ActiveCfg = Release|Any CPU
		{108CC074-E15A-47E7-A851-C872E57CA5C0}.Release|x64.Build.0 = Release|Any CPU
		{108CC074-E15A-47E7-A851-C872E57CA5C0}.Release|x86.ActiveCfg = Release|Any CPU
		{108CC074-E15A-47E7-A851-C872E57CA5C0}.Release|x86.Build.0 = Release|Any CPU
		{248441BC-5C65-4AA2-A510-ACEE5ECC1BF3}.Debug|Any CPU.ActiveCfg = Debug|Any CPU
		{248441BC-5C65-4AA2-A510-ACEE5ECC1BF3}.Debug|Any CPU.Build.0 = Debug|Any CPU
		{248441BC-5C65-4AA2-A510-ACEE5ECC1BF3}.Debug|x64.ActiveCfg = Debug|Any CPU
		{248441BC-5C65-4AA2-A510-ACEE5ECC1BF3}.Debug|x64.Build.0 = Debug|Any CPU
		{248441BC-5C65-4AA2-A510-ACEE5ECC1BF3}.Debug|x86.ActiveCfg = Debug|Any CPU
		{248441BC-5C65-4AA2-A510-ACEE5ECC1BF3}.Debug|x86.Build.0 = Debug|Any CPU
		{248441BC-5C65-4AA2-A510-ACEE5ECC1BF3}.Release|Any CPU.ActiveCfg = Release|Any CPU
		{248441BC-5C65-4AA2-A510-ACEE5ECC1BF3}.Release|Any CPU.Build.0 = Release|Any CPU
		{248441BC-5C65-4AA2-A510-ACEE5ECC1BF3}.Release|x64.ActiveCfg = Release|Any CPU
		{248441BC-5C65-4AA2-A510-ACEE5ECC1BF3}.Release|x64.Build.0 = Release|Any CPU
		{248441BC-5C65-4AA2-A510-ACEE5ECC1BF3}.Release|x86.ActiveCfg = Release|Any CPU
		{248441BC-5C65-4AA2-A510-ACEE5ECC1BF3}.Release|x86.Build.0 = Release|Any CPU
		{2289B118-19C6-4CFB-9459-978C200D3432}.Debug|Any CPU.ActiveCfg = Debug|Any CPU
		{2289B118-19C6-4CFB-9459-978C200D3432}.Debug|Any CPU.Build.0 = Debug|Any CPU
		{2289B118-19C6-4CFB-9459-978C200D3432}.Debug|x64.ActiveCfg = Debug|Any CPU
		{2289B118-19C6-4CFB-9459-978C200D3432}.Debug|x64.Build.0 = Debug|Any CPU
		{2289B118-19C6-4CFB-9459-978C200D3432}.Debug|x86.ActiveCfg = Debug|Any CPU
		{2289B118-19C6-4CFB-9459-978C200D3432}.Debug|x86.Build.0 = Debug|Any CPU
		{2289B118-19C6-4CFB-9459-978C200D3432}.Release|Any CPU.ActiveCfg = Release|Any CPU
		{2289B118-19C6-4CFB-9459-978C200D3432}.Release|Any CPU.Build.0 = Release|Any CPU
		{2289B118-19C6-4CFB-9459-978C200D3432}.Release|x64.ActiveCfg = Release|Any CPU
		{2289B118-19C6-4CFB-9459-978C200D3432}.Release|x64.Build.0 = Release|Any CPU
		{2289B118-19C6-4CFB-9459-978C200D3432}.Release|x86.ActiveCfg = Release|Any CPU
		{2289B118-19C6-4CFB-9459-978C200D3432}.Release|x86.Build.0 = Release|Any CPU
		{55BA3EB3-6742-4BC0-9D48-C151016931B6}.Debug|Any CPU.ActiveCfg = Debug|Any CPU
		{55BA3EB3-6742-4BC0-9D48-C151016931B6}.Debug|Any CPU.Build.0 = Debug|Any CPU
		{55BA3EB3-6742-4BC0-9D48-C151016931B6}.Debug|x64.ActiveCfg = Debug|Any CPU
		{55BA3EB3-6742-4BC0-9D48-C151016931B6}.Debug|x64.Build.0 = Debug|Any CPU
		{55BA3EB3-6742-4BC0-9D48-C151016931B6}.Debug|x86.ActiveCfg = Debug|Any CPU
		{55BA3EB3-6742-4BC0-9D48-C151016931B6}.Debug|x86.Build.0 = Debug|Any CPU
		{55BA3EB3-6742-4BC0-9D48-C151016931B6}.Release|Any CPU.ActiveCfg = Release|Any CPU
		{55BA3EB3-6742-4BC0-9D48-C151016931B6}.Release|Any CPU.Build.0 = Release|Any CPU
		{55BA3EB3-6742-4BC0-9D48-C151016931B6}.Release|x64.ActiveCfg = Release|Any CPU
		{55BA3EB3-6742-4BC0-9D48-C151016931B6}.Release|x64.Build.0 = Release|Any CPU
		{55BA3EB3-6742-4BC0-9D48-C151016931B6}.Release|x86.ActiveCfg = Release|Any CPU
		{55BA3EB3-6742-4BC0-9D48-C151016931B6}.Release|x86.Build.0 = Release|Any CPU
		{B027731B-AF48-440B-AEAF-703451A7FB1C}.Debug|Any CPU.ActiveCfg = Debug|Any CPU
		{B027731B-AF48-440B-AEAF-703451A7FB1C}.Debug|Any CPU.Build.0 = Debug|Any CPU
		{B027731B-AF48-440B-AEAF-703451A7FB1C}.Debug|x64.ActiveCfg = Debug|Any CPU
		{B027731B-AF48-440B-AEAF-703451A7FB1C}.Debug|x64.Build.0 = Debug|Any CPU
		{B027731B-AF48-440B-AEAF-703451A7FB1C}.Debug|x86.ActiveCfg = Debug|Any CPU
		{B027731B-AF48-440B-AEAF-703451A7FB1C}.Debug|x86.Build.0 = Debug|Any CPU
		{B027731B-AF48-440B-AEAF-703451A7FB1C}.Release|Any CPU.ActiveCfg = Release|Any CPU
		{B027731B-AF48-440B-AEAF-703451A7FB1C}.Release|Any CPU.Build.0 = Release|Any CPU
		{B027731B-AF48-440B-AEAF-703451A7FB1C}.Release|x64.ActiveCfg = Release|Any CPU
		{B027731B-AF48-440B-AEAF-703451A7FB1C}.Release|x64.Build.0 = Release|Any CPU
		{B027731B-AF48-440B-AEAF-703451A7FB1C}.Release|x86.ActiveCfg = Release|Any CPU
		{B027731B-AF48-440B-AEAF-703451A7FB1C}.Release|x86.Build.0 = Release|Any CPU
		{4E6AFB8B-53EF-47F1-87FB-B8BFBA0E91F6}.Debug|Any CPU.ActiveCfg = Debug|Any CPU
		{4E6AFB8B-53EF-47F1-87FB-B8BFBA0E91F6}.Debug|Any CPU.Build.0 = Debug|Any CPU
		{4E6AFB8B-53EF-47F1-87FB-B8BFBA0E91F6}.Debug|x64.ActiveCfg = Debug|Any CPU
		{4E6AFB8B-53EF-47F1-87FB-B8BFBA0E91F6}.Debug|x64.Build.0 = Debug|Any CPU
		{4E6AFB8B-53EF-47F1-87FB-B8BFBA0E91F6}.Debug|x86.ActiveCfg = Debug|Any CPU
		{4E6AFB8B-53EF-47F1-87FB-B8BFBA0E91F6}.Debug|x86.Build.0 = Debug|Any CPU
		{4E6AFB8B-53EF-47F1-87FB-B8BFBA0E91F6}.Release|Any CPU.ActiveCfg = Release|Any CPU
		{4E6AFB8B-53EF-47F1-87FB-B8BFBA0E91F6}.Release|Any CPU.Build.0 = Release|Any CPU
		{4E6AFB8B-53EF-47F1-87FB-B8BFBA0E91F6}.Release|x64.ActiveCfg = Release|Any CPU
		{4E6AFB8B-53EF-47F1-87FB-B8BFBA0E91F6}.Release|x64.Build.0 = Release|Any CPU
		{4E6AFB8B-53EF-47F1-87FB-B8BFBA0E91F6}.Release|x86.ActiveCfg = Release|Any CPU
		{4E6AFB8B-53EF-47F1-87FB-B8BFBA0E91F6}.Release|x86.Build.0 = Release|Any CPU
		{C28162A3-ECC2-468E-AC10-64C4783AEFAE}.Debug|Any CPU.ActiveCfg = Debug|Any CPU
		{C28162A3-ECC2-468E-AC10-64C4783AEFAE}.Debug|Any CPU.Build.0 = Debug|Any CPU
		{C28162A3-ECC2-468E-AC10-64C4783AEFAE}.Debug|x64.ActiveCfg = Debug|Any CPU
		{C28162A3-ECC2-468E-AC10-64C4783AEFAE}.Debug|x64.Build.0 = Debug|Any CPU
		{C28162A3-ECC2-468E-AC10-64C4783AEFAE}.Debug|x86.ActiveCfg = Debug|Any CPU
		{C28162A3-ECC2-468E-AC10-64C4783AEFAE}.Debug|x86.Build.0 = Debug|Any CPU
		{C28162A3-ECC2-468E-AC10-64C4783AEFAE}.Release|Any CPU.ActiveCfg = Release|Any CPU
		{C28162A3-ECC2-468E-AC10-64C4783AEFAE}.Release|Any CPU.Build.0 = Release|Any CPU
		{C28162A3-ECC2-468E-AC10-64C4783AEFAE}.Release|x64.ActiveCfg = Release|Any CPU
		{C28162A3-ECC2-468E-AC10-64C4783AEFAE}.Release|x64.Build.0 = Release|Any CPU
		{C28162A3-ECC2-468E-AC10-64C4783AEFAE}.Release|x86.ActiveCfg = Release|Any CPU
		{C28162A3-ECC2-468E-AC10-64C4783AEFAE}.Release|x86.Build.0 = Release|Any CPU
		{79CE8122-B41D-4061-A509-54C0E733E1A8}.Debug|Any CPU.ActiveCfg = Debug|Any CPU
		{79CE8122-B41D-4061-A509-54C0E733E1A8}.Debug|Any CPU.Build.0 = Debug|Any CPU
		{79CE8122-B41D-4061-A509-54C0E733E1A8}.Debug|x64.ActiveCfg = Debug|Any CPU
		{79CE8122-B41D-4061-A509-54C0E733E1A8}.Debug|x64.Build.0 = Debug|Any CPU
		{79CE8122-B41D-4061-A509-54C0E733E1A8}.Debug|x86.ActiveCfg = Debug|Any CPU
		{79CE8122-B41D-4061-A509-54C0E733E1A8}.Debug|x86.Build.0 = Debug|Any CPU
		{79CE8122-B41D-4061-A509-54C0E733E1A8}.Release|Any CPU.ActiveCfg = Release|Any CPU
		{79CE8122-B41D-4061-A509-54C0E733E1A8}.Release|Any CPU.Build.0 = Release|Any CPU
		{79CE8122-B41D-4061-A509-54C0E733E1A8}.Release|x64.ActiveCfg = Release|Any CPU
		{79CE8122-B41D-4061-A509-54C0E733E1A8}.Release|x64.Build.0 = Release|Any CPU
		{79CE8122-B41D-4061-A509-54C0E733E1A8}.Release|x86.ActiveCfg = Release|Any CPU
		{79CE8122-B41D-4061-A509-54C0E733E1A8}.Release|x86.Build.0 = Release|Any CPU
		{F91AFB12-F99E-49C0-BAC0-70F222F3C23C}.Debug|Any CPU.ActiveCfg = Debug|Any CPU
		{F91AFB12-F99E-49C0-BAC0-70F222F3C23C}.Debug|Any CPU.Build.0 = Debug|Any CPU
		{F91AFB12-F99E-49C0-BAC0-70F222F3C23C}.Debug|x64.ActiveCfg = Debug|Any CPU
		{F91AFB12-F99E-49C0-BAC0-70F222F3C23C}.Debug|x64.Build.0 = Debug|Any CPU
		{F91AFB12-F99E-49C0-BAC0-70F222F3C23C}.Debug|x86.ActiveCfg = Debug|Any CPU
		{F91AFB12-F99E-49C0-BAC0-70F222F3C23C}.Debug|x86.Build.0 = Debug|Any CPU
		{F91AFB12-F99E-49C0-BAC0-70F222F3C23C}.Release|Any CPU.ActiveCfg = Release|Any CPU
		{F91AFB12-F99E-49C0-BAC0-70F222F3C23C}.Release|Any CPU.Build.0 = Release|Any CPU
		{F91AFB12-F99E-49C0-BAC0-70F222F3C23C}.Release|x64.ActiveCfg = Release|Any CPU
		{F91AFB12-F99E-49C0-BAC0-70F222F3C23C}.Release|x64.Build.0 = Release|Any CPU
		{F91AFB12-F99E-49C0-BAC0-70F222F3C23C}.Release|x86.ActiveCfg = Release|Any CPU
		{F91AFB12-F99E-49C0-BAC0-70F222F3C23C}.Release|x86.Build.0 = Release|Any CPU
		{6FDC7BD3-234F-40BA-AD06-E455D5654F56}.Debug|Any CPU.ActiveCfg = Debug|Any CPU
		{6FDC7BD3-234F-40BA-AD06-E455D5654F56}.Debug|Any CPU.Build.0 = Debug|Any CPU
		{6FDC7BD3-234F-40BA-AD06-E455D5654F56}.Debug|x64.ActiveCfg = Debug|Any CPU
		{6FDC7BD3-234F-40BA-AD06-E455D5654F56}.Debug|x64.Build.0 = Debug|Any CPU
		{6FDC7BD3-234F-40BA-AD06-E455D5654F56}.Debug|x86.ActiveCfg = Debug|Any CPU
		{6FDC7BD3-234F-40BA-AD06-E455D5654F56}.Debug|x86.Build.0 = Debug|Any CPU
		{6FDC7BD3-234F-40BA-AD06-E455D5654F56}.Release|Any CPU.ActiveCfg = Release|Any CPU
		{6FDC7BD3-234F-40BA-AD06-E455D5654F56}.Release|Any CPU.Build.0 = Release|Any CPU
		{6FDC7BD3-234F-40BA-AD06-E455D5654F56}.Release|x64.ActiveCfg = Release|Any CPU
		{6FDC7BD3-234F-40BA-AD06-E455D5654F56}.Release|x64.Build.0 = Release|Any CPU
		{6FDC7BD3-234F-40BA-AD06-E455D5654F56}.Release|x86.ActiveCfg = Release|Any CPU
		{6FDC7BD3-234F-40BA-AD06-E455D5654F56}.Release|x86.Build.0 = Release|Any CPU
		{F38B7EE0-30BE-42EC-9D95-7E9FCAE7D1D2}.Debug|Any CPU.ActiveCfg = Debug|Any CPU
		{F38B7EE0-30BE-42EC-9D95-7E9FCAE7D1D2}.Debug|Any CPU.Build.0 = Debug|Any CPU
		{F38B7EE0-30BE-42EC-9D95-7E9FCAE7D1D2}.Debug|x64.ActiveCfg = Debug|Any CPU
		{F38B7EE0-30BE-42EC-9D95-7E9FCAE7D1D2}.Debug|x64.Build.0 = Debug|Any CPU
		{F38B7EE0-30BE-42EC-9D95-7E9FCAE7D1D2}.Debug|x86.ActiveCfg = Debug|Any CPU
		{F38B7EE0-30BE-42EC-9D95-7E9FCAE7D1D2}.Debug|x86.Build.0 = Debug|Any CPU
		{F38B7EE0-30BE-42EC-9D95-7E9FCAE7D1D2}.Release|Any CPU.ActiveCfg = Release|Any CPU
		{F38B7EE0-30BE-42EC-9D95-7E9FCAE7D1D2}.Release|Any CPU.Build.0 = Release|Any CPU
		{F38B7EE0-30BE-42EC-9D95-7E9FCAE7D1D2}.Release|x64.ActiveCfg = Release|Any CPU
		{F38B7EE0-30BE-42EC-9D95-7E9FCAE7D1D2}.Release|x64.Build.0 = Release|Any CPU
		{F38B7EE0-30BE-42EC-9D95-7E9FCAE7D1D2}.Release|x86.ActiveCfg = Release|Any CPU
		{F38B7EE0-30BE-42EC-9D95-7E9FCAE7D1D2}.Release|x86.Build.0 = Release|Any CPU
		{F4741BA5-0D82-4AE3-A467-AE5D6B5C7DA9}.Debug|Any CPU.ActiveCfg = Debug|Any CPU
		{F4741BA5-0D82-4AE3-A467-AE5D6B5C7DA9}.Debug|Any CPU.Build.0 = Debug|Any CPU
		{F4741BA5-0D82-4AE3-A467-AE5D6B5C7DA9}.Debug|x64.ActiveCfg = Debug|Any CPU
		{F4741BA5-0D82-4AE3-A467-AE5D6B5C7DA9}.Debug|x64.Build.0 = Debug|Any CPU
		{F4741BA5-0D82-4AE3-A467-AE5D6B5C7DA9}.Debug|x86.ActiveCfg = Debug|Any CPU
		{F4741BA5-0D82-4AE3-A467-AE5D6B5C7DA9}.Debug|x86.Build.0 = Debug|Any CPU
		{F4741BA5-0D82-4AE3-A467-AE5D6B5C7DA9}.Release|Any CPU.ActiveCfg = Release|Any CPU
		{F4741BA5-0D82-4AE3-A467-AE5D6B5C7DA9}.Release|Any CPU.Build.0 = Release|Any CPU
		{F4741BA5-0D82-4AE3-A467-AE5D6B5C7DA9}.Release|x64.ActiveCfg = Release|Any CPU
		{F4741BA5-0D82-4AE3-A467-AE5D6B5C7DA9}.Release|x64.Build.0 = Release|Any CPU
		{F4741BA5-0D82-4AE3-A467-AE5D6B5C7DA9}.Release|x86.ActiveCfg = Release|Any CPU
		{F4741BA5-0D82-4AE3-A467-AE5D6B5C7DA9}.Release|x86.Build.0 = Release|Any CPU
		{CAA2FDEB-DF8E-42F5-866D-7CF4FEF716DF}.Debug|Any CPU.ActiveCfg = Debug|Any CPU
		{CAA2FDEB-DF8E-42F5-866D-7CF4FEF716DF}.Debug|Any CPU.Build.0 = Debug|Any CPU
		{CAA2FDEB-DF8E-42F5-866D-7CF4FEF716DF}.Debug|x64.ActiveCfg = Debug|Any CPU
		{CAA2FDEB-DF8E-42F5-866D-7CF4FEF716DF}.Debug|x64.Build.0 = Debug|Any CPU
		{CAA2FDEB-DF8E-42F5-866D-7CF4FEF716DF}.Debug|x86.ActiveCfg = Debug|Any CPU
		{CAA2FDEB-DF8E-42F5-866D-7CF4FEF716DF}.Debug|x86.Build.0 = Debug|Any CPU
		{CAA2FDEB-DF8E-42F5-866D-7CF4FEF716DF}.Release|Any CPU.ActiveCfg = Release|Any CPU
		{CAA2FDEB-DF8E-42F5-866D-7CF4FEF716DF}.Release|Any CPU.Build.0 = Release|Any CPU
		{CAA2FDEB-DF8E-42F5-866D-7CF4FEF716DF}.Release|x64.ActiveCfg = Release|Any CPU
		{CAA2FDEB-DF8E-42F5-866D-7CF4FEF716DF}.Release|x64.Build.0 = Release|Any CPU
		{CAA2FDEB-DF8E-42F5-866D-7CF4FEF716DF}.Release|x86.ActiveCfg = Release|Any CPU
		{CAA2FDEB-DF8E-42F5-866D-7CF4FEF716DF}.Release|x86.Build.0 = Release|Any CPU
		{DD121344-D140-4995-8D9A-514E1E1EC958}.Debug|Any CPU.ActiveCfg = Debug|Any CPU
		{DD121344-D140-4995-8D9A-514E1E1EC958}.Debug|Any CPU.Build.0 = Debug|Any CPU
		{DD121344-D140-4995-8D9A-514E1E1EC958}.Debug|x64.ActiveCfg = Debug|Any CPU
		{DD121344-D140-4995-8D9A-514E1E1EC958}.Debug|x64.Build.0 = Debug|Any CPU
		{DD121344-D140-4995-8D9A-514E1E1EC958}.Debug|x86.ActiveCfg = Debug|Any CPU
		{DD121344-D140-4995-8D9A-514E1E1EC958}.Debug|x86.Build.0 = Debug|Any CPU
		{DD121344-D140-4995-8D9A-514E1E1EC958}.Release|Any CPU.ActiveCfg = Release|Any CPU
		{DD121344-D140-4995-8D9A-514E1E1EC958}.Release|Any CPU.Build.0 = Release|Any CPU
		{DD121344-D140-4995-8D9A-514E1E1EC958}.Release|x64.ActiveCfg = Release|Any CPU
		{DD121344-D140-4995-8D9A-514E1E1EC958}.Release|x64.Build.0 = Release|Any CPU
		{DD121344-D140-4995-8D9A-514E1E1EC958}.Release|x86.ActiveCfg = Release|Any CPU
		{DD121344-D140-4995-8D9A-514E1E1EC958}.Release|x86.Build.0 = Release|Any CPU
		{B386136C-1048-4CB8-802A-3258D33ACA2F}.Debug|Any CPU.ActiveCfg = Debug|Any CPU
		{B386136C-1048-4CB8-802A-3258D33ACA2F}.Debug|Any CPU.Build.0 = Debug|Any CPU
		{B386136C-1048-4CB8-802A-3258D33ACA2F}.Debug|x64.ActiveCfg = Debug|Any CPU
		{B386136C-1048-4CB8-802A-3258D33ACA2F}.Debug|x64.Build.0 = Debug|Any CPU
		{B386136C-1048-4CB8-802A-3258D33ACA2F}.Debug|x86.ActiveCfg = Debug|Any CPU
		{B386136C-1048-4CB8-802A-3258D33ACA2F}.Debug|x86.Build.0 = Debug|Any CPU
		{B386136C-1048-4CB8-802A-3258D33ACA2F}.Release|Any CPU.ActiveCfg = Release|Any CPU
		{B386136C-1048-4CB8-802A-3258D33ACA2F}.Release|Any CPU.Build.0 = Release|Any CPU
		{B386136C-1048-4CB8-802A-3258D33ACA2F}.Release|x64.ActiveCfg = Release|Any CPU
		{B386136C-1048-4CB8-802A-3258D33ACA2F}.Release|x64.Build.0 = Release|Any CPU
		{B386136C-1048-4CB8-802A-3258D33ACA2F}.Release|x86.ActiveCfg = Release|Any CPU
		{B386136C-1048-4CB8-802A-3258D33ACA2F}.Release|x86.Build.0 = Release|Any CPU
		{3F7B9BDD-104E-432C-BAFC-E6D563DAC5B2}.Debug|Any CPU.ActiveCfg = Debug|Any CPU
		{3F7B9BDD-104E-432C-BAFC-E6D563DAC5B2}.Debug|Any CPU.Build.0 = Debug|Any CPU
		{3F7B9BDD-104E-432C-BAFC-E6D563DAC5B2}.Debug|x64.ActiveCfg = Debug|Any CPU
		{3F7B9BDD-104E-432C-BAFC-E6D563DAC5B2}.Debug|x64.Build.0 = Debug|Any CPU
		{3F7B9BDD-104E-432C-BAFC-E6D563DAC5B2}.Debug|x86.ActiveCfg = Debug|Any CPU
		{3F7B9BDD-104E-432C-BAFC-E6D563DAC5B2}.Debug|x86.Build.0 = Debug|Any CPU
		{3F7B9BDD-104E-432C-BAFC-E6D563DAC5B2}.Release|Any CPU.ActiveCfg = Release|Any CPU
		{3F7B9BDD-104E-432C-BAFC-E6D563DAC5B2}.Release|Any CPU.Build.0 = Release|Any CPU
		{3F7B9BDD-104E-432C-BAFC-E6D563DAC5B2}.Release|x64.ActiveCfg = Release|Any CPU
		{3F7B9BDD-104E-432C-BAFC-E6D563DAC5B2}.Release|x64.Build.0 = Release|Any CPU
		{3F7B9BDD-104E-432C-BAFC-E6D563DAC5B2}.Release|x86.ActiveCfg = Release|Any CPU
		{3F7B9BDD-104E-432C-BAFC-E6D563DAC5B2}.Release|x86.Build.0 = Release|Any CPU
		{5E2EB712-8892-4882-8D83-1FE2A8C923AA}.Debug|Any CPU.ActiveCfg = Debug|Any CPU
		{5E2EB712-8892-4882-8D83-1FE2A8C923AA}.Debug|Any CPU.Build.0 = Debug|Any CPU
		{5E2EB712-8892-4882-8D83-1FE2A8C923AA}.Debug|x64.ActiveCfg = Debug|Any CPU
		{5E2EB712-8892-4882-8D83-1FE2A8C923AA}.Debug|x64.Build.0 = Debug|Any CPU
		{5E2EB712-8892-4882-8D83-1FE2A8C923AA}.Debug|x86.ActiveCfg = Debug|Any CPU
		{5E2EB712-8892-4882-8D83-1FE2A8C923AA}.Debug|x86.Build.0 = Debug|Any CPU
		{5E2EB712-8892-4882-8D83-1FE2A8C923AA}.Release|Any CPU.ActiveCfg = Release|Any CPU
		{5E2EB712-8892-4882-8D83-1FE2A8C923AA}.Release|Any CPU.Build.0 = Release|Any CPU
		{5E2EB712-8892-4882-8D83-1FE2A8C923AA}.Release|x64.ActiveCfg = Release|Any CPU
		{5E2EB712-8892-4882-8D83-1FE2A8C923AA}.Release|x64.Build.0 = Release|Any CPU
		{5E2EB712-8892-4882-8D83-1FE2A8C923AA}.Release|x86.ActiveCfg = Release|Any CPU
		{5E2EB712-8892-4882-8D83-1FE2A8C923AA}.Release|x86.Build.0 = Release|Any CPU
		{75724D8E-080B-4124-AEDA-A6027A21E04A}.Debug|Any CPU.ActiveCfg = Debug|Any CPU
		{75724D8E-080B-4124-AEDA-A6027A21E04A}.Debug|Any CPU.Build.0 = Debug|Any CPU
		{75724D8E-080B-4124-AEDA-A6027A21E04A}.Debug|x64.ActiveCfg = Debug|Any CPU
		{75724D8E-080B-4124-AEDA-A6027A21E04A}.Debug|x64.Build.0 = Debug|Any CPU
		{75724D8E-080B-4124-AEDA-A6027A21E04A}.Debug|x86.ActiveCfg = Debug|Any CPU
		{75724D8E-080B-4124-AEDA-A6027A21E04A}.Debug|x86.Build.0 = Debug|Any CPU
		{75724D8E-080B-4124-AEDA-A6027A21E04A}.Release|Any CPU.ActiveCfg = Release|Any CPU
		{75724D8E-080B-4124-AEDA-A6027A21E04A}.Release|Any CPU.Build.0 = Release|Any CPU
		{75724D8E-080B-4124-AEDA-A6027A21E04A}.Release|x64.ActiveCfg = Release|Any CPU
		{75724D8E-080B-4124-AEDA-A6027A21E04A}.Release|x64.Build.0 = Release|Any CPU
		{75724D8E-080B-4124-AEDA-A6027A21E04A}.Release|x86.ActiveCfg = Release|Any CPU
		{75724D8E-080B-4124-AEDA-A6027A21E04A}.Release|x86.Build.0 = Release|Any CPU
		{83C725C0-7453-41C0-BF4E-ABE150F219DD}.Debug|Any CPU.ActiveCfg = Debug|Any CPU
		{83C725C0-7453-41C0-BF4E-ABE150F219DD}.Debug|Any CPU.Build.0 = Debug|Any CPU
		{83C725C0-7453-41C0-BF4E-ABE150F219DD}.Debug|x64.ActiveCfg = Debug|Any CPU
		{83C725C0-7453-41C0-BF4E-ABE150F219DD}.Debug|x64.Build.0 = Debug|Any CPU
		{83C725C0-7453-41C0-BF4E-ABE150F219DD}.Debug|x86.ActiveCfg = Debug|Any CPU
		{83C725C0-7453-41C0-BF4E-ABE150F219DD}.Debug|x86.Build.0 = Debug|Any CPU
		{83C725C0-7453-41C0-BF4E-ABE150F219DD}.Release|Any CPU.ActiveCfg = Release|Any CPU
		{83C725C0-7453-41C0-BF4E-ABE150F219DD}.Release|Any CPU.Build.0 = Release|Any CPU
		{83C725C0-7453-41C0-BF4E-ABE150F219DD}.Release|x64.ActiveCfg = Release|Any CPU
		{83C725C0-7453-41C0-BF4E-ABE150F219DD}.Release|x64.Build.0 = Release|Any CPU
		{83C725C0-7453-41C0-BF4E-ABE150F219DD}.Release|x86.ActiveCfg = Release|Any CPU
		{83C725C0-7453-41C0-BF4E-ABE150F219DD}.Release|x86.Build.0 = Release|Any CPU
		{82E0FE65-BF47-4097-B44A-9DD68268D707}.Debug|Any CPU.ActiveCfg = Debug|Any CPU
		{82E0FE65-BF47-4097-B44A-9DD68268D707}.Debug|Any CPU.Build.0 = Debug|Any CPU
		{82E0FE65-BF47-4097-B44A-9DD68268D707}.Debug|x64.ActiveCfg = Debug|Any CPU
		{82E0FE65-BF47-4097-B44A-9DD68268D707}.Debug|x64.Build.0 = Debug|Any CPU
		{82E0FE65-BF47-4097-B44A-9DD68268D707}.Debug|x86.ActiveCfg = Debug|Any CPU
		{82E0FE65-BF47-4097-B44A-9DD68268D707}.Debug|x86.Build.0 = Debug|Any CPU
		{82E0FE65-BF47-4097-B44A-9DD68268D707}.Release|Any CPU.ActiveCfg = Release|Any CPU
		{82E0FE65-BF47-4097-B44A-9DD68268D707}.Release|Any CPU.Build.0 = Release|Any CPU
		{82E0FE65-BF47-4097-B44A-9DD68268D707}.Release|x64.ActiveCfg = Release|Any CPU
		{82E0FE65-BF47-4097-B44A-9DD68268D707}.Release|x64.Build.0 = Release|Any CPU
		{82E0FE65-BF47-4097-B44A-9DD68268D707}.Release|x86.ActiveCfg = Release|Any CPU
		{82E0FE65-BF47-4097-B44A-9DD68268D707}.Release|x86.Build.0 = Release|Any CPU
		{9DAA7BEA-E95A-4247-A4D9-A0000CD3068F}.Debug|Any CPU.ActiveCfg = Debug|Any CPU
		{9DAA7BEA-E95A-4247-A4D9-A0000CD3068F}.Debug|Any CPU.Build.0 = Debug|Any CPU
		{9DAA7BEA-E95A-4247-A4D9-A0000CD3068F}.Debug|x64.ActiveCfg = Debug|Any CPU
		{9DAA7BEA-E95A-4247-A4D9-A0000CD3068F}.Debug|x64.Build.0 = Debug|Any CPU
		{9DAA7BEA-E95A-4247-A4D9-A0000CD3068F}.Debug|x86.ActiveCfg = Debug|Any CPU
		{9DAA7BEA-E95A-4247-A4D9-A0000CD3068F}.Debug|x86.Build.0 = Debug|Any CPU
		{9DAA7BEA-E95A-4247-A4D9-A0000CD3068F}.Release|Any CPU.ActiveCfg = Release|Any CPU
		{9DAA7BEA-E95A-4247-A4D9-A0000CD3068F}.Release|Any CPU.Build.0 = Release|Any CPU
		{9DAA7BEA-E95A-4247-A4D9-A0000CD3068F}.Release|x64.ActiveCfg = Release|Any CPU
		{9DAA7BEA-E95A-4247-A4D9-A0000CD3068F}.Release|x64.Build.0 = Release|Any CPU
		{9DAA7BEA-E95A-4247-A4D9-A0000CD3068F}.Release|x86.ActiveCfg = Release|Any CPU
		{9DAA7BEA-E95A-4247-A4D9-A0000CD3068F}.Release|x86.Build.0 = Release|Any CPU
		{148615E3-4566-4046-9970-761A3E3F8BFF}.Debug|Any CPU.ActiveCfg = Debug|Any CPU
		{148615E3-4566-4046-9970-761A3E3F8BFF}.Debug|Any CPU.Build.0 = Debug|Any CPU
		{148615E3-4566-4046-9970-761A3E3F8BFF}.Debug|x64.ActiveCfg = Debug|Any CPU
		{148615E3-4566-4046-9970-761A3E3F8BFF}.Debug|x64.Build.0 = Debug|Any CPU
		{148615E3-4566-4046-9970-761A3E3F8BFF}.Debug|x86.ActiveCfg = Debug|Any CPU
		{148615E3-4566-4046-9970-761A3E3F8BFF}.Debug|x86.Build.0 = Debug|Any CPU
		{148615E3-4566-4046-9970-761A3E3F8BFF}.Release|Any CPU.ActiveCfg = Release|Any CPU
		{148615E3-4566-4046-9970-761A3E3F8BFF}.Release|Any CPU.Build.0 = Release|Any CPU
		{148615E3-4566-4046-9970-761A3E3F8BFF}.Release|x64.ActiveCfg = Release|Any CPU
		{148615E3-4566-4046-9970-761A3E3F8BFF}.Release|x64.Build.0 = Release|Any CPU
		{148615E3-4566-4046-9970-761A3E3F8BFF}.Release|x86.ActiveCfg = Release|Any CPU
		{148615E3-4566-4046-9970-761A3E3F8BFF}.Release|x86.Build.0 = Release|Any CPU
		{B2C3D4E5-F6A7-8901-BCDE-F12345678901}.Debug|Any CPU.ActiveCfg = Debug|Any CPU
		{B2C3D4E5-F6A7-8901-BCDE-F12345678901}.Debug|Any CPU.Build.0 = Debug|Any CPU
		{B2C3D4E5-F6A7-8901-BCDE-F12345678901}.Debug|x64.ActiveCfg = Debug|Any CPU
		{B2C3D4E5-F6A7-8901-BCDE-F12345678901}.Debug|x64.Build.0 = Debug|Any CPU
		{B2C3D4E5-F6A7-8901-BCDE-F12345678901}.Debug|x86.ActiveCfg = Debug|Any CPU
		{B2C3D4E5-F6A7-8901-BCDE-F12345678901}.Debug|x86.Build.0 = Debug|Any CPU
		{B2C3D4E5-F6A7-8901-BCDE-F12345678901}.Release|Any CPU.ActiveCfg = Release|Any CPU
		{B2C3D4E5-F6A7-8901-BCDE-F12345678901}.Release|Any CPU.Build.0 = Release|Any CPU
		{B2C3D4E5-F6A7-8901-BCDE-F12345678901}.Release|x64.ActiveCfg = Release|Any CPU
		{B2C3D4E5-F6A7-8901-BCDE-F12345678901}.Release|x64.Build.0 = Release|Any CPU
		{B2C3D4E5-F6A7-8901-BCDE-F12345678901}.Release|x86.ActiveCfg = Release|Any CPU
		{B2C3D4E5-F6A7-8901-BCDE-F12345678901}.Release|x86.Build.0 = Release|Any CPU
		{C3D4E5F6-A7B8-9012-CDEF-123456789012}.Debug|Any CPU.ActiveCfg = Debug|Any CPU
		{C3D4E5F6-A7B8-9012-CDEF-123456789012}.Debug|Any CPU.Build.0 = Debug|Any CPU
		{C3D4E5F6-A7B8-9012-CDEF-123456789012}.Debug|x64.ActiveCfg = Debug|Any CPU
		{C3D4E5F6-A7B8-9012-CDEF-123456789012}.Debug|x64.Build.0 = Debug|Any CPU
		{C3D4E5F6-A7B8-9012-CDEF-123456789012}.Debug|x86.ActiveCfg = Debug|Any CPU
		{C3D4E5F6-A7B8-9012-CDEF-123456789012}.Debug|x86.Build.0 = Debug|Any CPU
		{C3D4E5F6-A7B8-9012-CDEF-123456789012}.Release|Any CPU.ActiveCfg = Release|Any CPU
		{C3D4E5F6-A7B8-9012-CDEF-123456789012}.Release|Any CPU.Build.0 = Release|Any CPU
		{C3D4E5F6-A7B8-9012-CDEF-123456789012}.Release|x64.ActiveCfg = Release|Any CPU
		{C3D4E5F6-A7B8-9012-CDEF-123456789012}.Release|x64.Build.0 = Release|Any CPU
		{C3D4E5F6-A7B8-9012-CDEF-123456789012}.Release|x86.ActiveCfg = Release|Any CPU
		{C3D4E5F6-A7B8-9012-CDEF-123456789012}.Release|x86.Build.0 = Release|Any CPU
		{D4E5F6A7-B8C9-0123-DEF1-234567890123}.Debug|Any CPU.ActiveCfg = Debug|Any CPU
		{D4E5F6A7-B8C9-0123-DEF1-234567890123}.Debug|Any CPU.Build.0 = Debug|Any CPU
		{D4E5F6A7-B8C9-0123-DEF1-234567890123}.Debug|x64.ActiveCfg = Debug|Any CPU
		{D4E5F6A7-B8C9-0123-DEF1-234567890123}.Debug|x64.Build.0 = Debug|Any CPU
		{D4E5F6A7-B8C9-0123-DEF1-234567890123}.Debug|x86.ActiveCfg = Debug|Any CPU
		{D4E5F6A7-B8C9-0123-DEF1-234567890123}.Debug|x86.Build.0 = Debug|Any CPU
		{D4E5F6A7-B8C9-0123-DEF1-234567890123}.Release|Any CPU.ActiveCfg = Release|Any CPU
		{D4E5F6A7-B8C9-0123-DEF1-234567890123}.Release|Any CPU.Build.0 = Release|Any CPU
		{D4E5F6A7-B8C9-0123-DEF1-234567890123}.Release|x64.ActiveCfg = Release|Any CPU
		{D4E5F6A7-B8C9-0123-DEF1-234567890123}.Release|x64.Build.0 = Release|Any CPU
		{D4E5F6A7-B8C9-0123-DEF1-234567890123}.Release|x86.ActiveCfg = Release|Any CPU
		{D4E5F6A7-B8C9-0123-DEF1-234567890123}.Release|x86.Build.0 = Release|Any CPU
	EndGlobalSection
	GlobalSection(NestedProjects) = preSolution
		{B2C3D4E5-F6A7-8901-BCDE-F12345678901} = {A1B2C3D4-E5F6-7890-ABCD-EF1234567890}
		{D4E5F6A7-B8C9-0123-DEF1-234567890123} = {A1B2C3D4-E5F6-7890-ABCD-EF1234567890}
	EndGlobalSection
	GlobalSection(SolutionProperties) = preSolution
		HideSolutionNode = FALSE
	EndGlobalSection
EndGlobal
