
Microsoft Visual Studio Solution File, Format Version 12.00
# Visual Studio Version 17
VisualStudioVersion = 17.0.31903.59
MinimumVisualStudioVersion = 10.0.40219.1
Project("{FAE04EC0-301F-11D3-BF4B-00C04F79EFBC}") = "AiOrchestrator.Abstractions", "AiOrchestrator.Abstractions\AiOrchestrator.Abstractions.csproj", "{EC696A48-6F1B-4C81-AFC5-64154DC257C5}"
EndProject
Project("{FAE04EC0-301F-11D3-BF4B-00C04F79EFBC}") = "AiOrchestrator.Models", "AiOrchestrator.Models\AiOrchestrator.Models.csproj", "{7BEB160D-7134-4521-8006-477BD8532B79}"
EndProject
Project("{FAE04EC0-301F-11D3-BF4B-00C04F79EFBC}") = "AiOrchestrator.Composition", "AiOrchestrator.Composition\AiOrchestrator.Composition.csproj", "{9C8B10B5-A938-46AD-A40C-DCF9764E9381}"
EndProject
Project("{FAE04EC0-301F-11D3-BF4B-00C04F79EFBC}") = "AiOrchestrator.Logging", "AiOrchestrator.Logging\AiOrchestrator.Logging.csproj", "{A1BC3EF8-3EFD-432F-93B1-D136DB21CC9B}"
EndProject
Project("{FAE04EC0-301F-11D3-BF4B-00C04F79EFBC}") = "AiOrchestrator.Time", "AiOrchestrator.Time\AiOrchestrator.Time.csproj", "{D53FC22E-7A9E-4D33-B446-A598B237AE38}"
EndProject
Project("{FAE04EC0-301F-11D3-BF4B-00C04F79EFBC}") = "AiOrchestrator.Eventing", "AiOrchestrator.Eventing\AiOrchestrator.Eventing.csproj", "{7B4633CC-C39F-4A77-BE4B-6F473A7C8431}"
EndProject
Project("{FAE04EC0-301F-11D3-BF4B-00C04F79EFBC}") = "AiOrchestrator.Output", "AiOrchestrator.Output\AiOrchestrator.Output.csproj", "{44BE2B1B-BBAA-40E4-8AF0-4E33B6DFD93E}"
EndProject
Project("{FAE04EC0-301F-11D3-BF4B-00C04F79EFBC}") = "AiOrchestrator.LineView", "AiOrchestrator.LineView\AiOrchestrator.LineView.csproj", "{74AC7923-68B6-41F6-81E9-9591E300640A}"
EndProject
Project("{FAE04EC0-301F-11D3-BF4B-00C04F79EFBC}") = "AiOrchestrator.Concurrency.Broker", "AiOrchestrator.Concurrency.Broker\AiOrchestrator.Concurrency.Broker.csproj", "{7F73A326-5A51-4147-9F45-B9EE83B15EF6}"
EndProject
Project("{FAE04EC0-301F-11D3-BF4B-00C04F79EFBC}") = "AiOrchestrator.Process", "AiOrchestrator.Process\AiOrchestrator.Process.csproj", "{6FAE5BA7-195D-47F6-9672-1092AD72858D}"
EndProject
Project("{FAE04EC0-301F-11D3-BF4B-00C04F79EFBC}") = "AiOrchestrator.Redaction", "AiOrchestrator.Redaction\AiOrchestrator.Redaction.csproj", "{9612BBBD-ED29-4115-9189-4A1D293C0963}"
EndProject
Project("{FAE04EC0-301F-11D3-BF4B-00C04F79EFBC}") = "AiOrchestrator.Shell", "AiOrchestrator.Shell\AiOrchestrator.Shell.csproj", "{43B5C4AE-B325-4E83-9642-DD1815A5F00B}"
EndProject
Project("{FAE04EC0-301F-11D3-BF4B-00C04F79EFBC}") = "AiOrchestrator.TestKit", "AiOrchestrator.TestKit\AiOrchestrator.TestKit.csproj", "{0BAF4AA2-EF57-4C18-8157-D1ED72B49608}"
EndProject
Project("{FAE04EC0-301F-11D3-BF4B-00C04F79EFBC}") = "AiOrchestrator.Agent", "AiOrchestrator.Agent\AiOrchestrator.Agent.csproj", "{4A8D8F93-36FB-45A3-9219-FFF18D67718E}"
EndProject
Project("{FAE04EC0-301F-11D3-BF4B-00C04F79EFBC}") = "AiOrchestrator.Time.Tests", "..\..\tests\dotnet\AiOrchestrator.Time.Tests\AiOrchestrator.Time.Tests.csproj", "{CD205D7D-46E9-43A2-B605-CE8559091D0B}"
EndProject
Project("{FAE04EC0-301F-11D3-BF4B-00C04F79EFBC}") = "AiOrchestrator.TestKit.Tests", "..\..\tests\dotnet\AiOrchestrator.TestKit.Tests\AiOrchestrator.TestKit.Tests.csproj", "{E9A4BE74-A56A-4307-AC47-78249D752547}"
EndProject
Project("{FAE04EC0-301F-11D3-BF4B-00C04F79EFBC}") = "AiOrchestrator.LineView.Tests", "..\..\tests\dotnet\AiOrchestrator.LineView.Tests\AiOrchestrator.LineView.Tests.csproj", "{7DC276E8-6F7D-4EF3-9023-3445090EE079}"
EndProject
Project("{FAE04EC0-301F-11D3-BF4B-00C04F79EFBC}") = "AiOrchestrator.Foundation.Tests", "..\..\tests\dotnet\AiOrchestrator.Foundation.Tests\AiOrchestrator.Foundation.Tests.csproj", "{AABB424E-9BBD-4661-AE5B-BE637414BDDC}"
EndProject
Project("{FAE04EC0-301F-11D3-BF4B-00C04F79EFBC}") = "AiOrchestrator.Eventing.Tests", "..\..\tests\dotnet\AiOrchestrator.Eventing.Tests\AiOrchestrator.Eventing.Tests.csproj", "{8928D662-8C94-4E5A-B74D-E9711677A1FE}"
EndProject
Project("{FAE04EC0-301F-11D3-BF4B-00C04F79EFBC}") = "AiOrchestrator.Shell.Tests", "..\..\tests\dotnet\AiOrchestrator.Shell.Tests\AiOrchestrator.Shell.Tests.csproj", "{2ECF44C1-7D3E-48C7-9AFD-A1FA2BBF54FB}"
EndProject
Project("{FAE04EC0-301F-11D3-BF4B-00C04F79EFBC}") = "AiOrchestrator.Redaction.Tests", "..\..\tests\dotnet\AiOrchestrator.Redaction.Tests\AiOrchestrator.Redaction.Tests.csproj", "{E1E9498F-0019-444E-98DE-2ECA450593F7}"
EndProject
Project("{FAE04EC0-301F-11D3-BF4B-00C04F79EFBC}") = "AiOrchestrator.Output.Tests", "..\..\tests\dotnet\AiOrchestrator.Output.Tests\AiOrchestrator.Output.Tests.csproj", "{B7952EBA-7A9B-4E5C-9AE6-C238CD115B54}"
EndProject
Project("{FAE04EC0-301F-11D3-BF4B-00C04F79EFBC}") = "AiOrchestrator.Logging.Tests", "..\..\tests\dotnet\AiOrchestrator.Logging.Tests\AiOrchestrator.Logging.Tests.csproj", "{7D76C052-D686-49D0-B456-FD52740B81EC}"
EndProject
Project("{FAE04EC0-301F-11D3-BF4B-00C04F79EFBC}") = "AiOrchestrator.Process.Tests", "..\..\tests\dotnet\AiOrchestrator.Process.Tests\AiOrchestrator.Process.Tests.csproj", "{ED3B5A35-47A1-4855-9B90-B928AE39D2A8}"
EndProject
Project("{FAE04EC0-301F-11D3-BF4B-00C04F79EFBC}") = "AiOrchestrator.Concurrency.Broker.Tests", "..\..\tests\dotnet\AiOrchestrator.Concurrency.Broker.Tests\AiOrchestrator.Concurrency.Broker.Tests.csproj", "{78D6FC25-5120-41F7-B6FD-13D05103A5EC}"
EndProject
Project("{FAE04EC0-301F-11D3-BF4B-00C04F79EFBC}") = "AiOrchestrator.Agent.Tests", "..\..\tests\dotnet\AiOrchestrator.Agent.Tests\AiOrchestrator.Agent.Tests.csproj", "{5D975004-AB5F-469B-813D-65C28E4C7D29}"
EndProject
Global
	GlobalSection(SolutionConfigurationPlatforms) = preSolution
		Debug|Any CPU = Debug|Any CPU
		Debug|x64 = Debug|x64
		Debug|x86 = Debug|x86
		Release|Any CPU = Release|Any CPU
		Release|x64 = Release|x64
		Release|x86 = Release|x86
	EndGlobalSection
	GlobalSection(ProjectConfigurationPlatforms) = postSolution
		{EC696A48-6F1B-4C81-AFC5-64154DC257C5}.Debug|Any CPU.ActiveCfg = Debug|Any CPU
		{EC696A48-6F1B-4C81-AFC5-64154DC257C5}.Debug|Any CPU.Build.0 = Debug|Any CPU
		{EC696A48-6F1B-4C81-AFC5-64154DC257C5}.Debug|x64.ActiveCfg = Debug|Any CPU
		{EC696A48-6F1B-4C81-AFC5-64154DC257C5}.Debug|x64.Build.0 = Debug|Any CPU
		{EC696A48-6F1B-4C81-AFC5-64154DC257C5}.Debug|x86.ActiveCfg = Debug|Any CPU
		{EC696A48-6F1B-4C81-AFC5-64154DC257C5}.Debug|x86.Build.0 = Debug|Any CPU
		{EC696A48-6F1B-4C81-AFC5-64154DC257C5}.Release|Any CPU.ActiveCfg = Release|Any CPU
		{EC696A48-6F1B-4C81-AFC5-64154DC257C5}.Release|Any CPU.Build.0 = Release|Any CPU
		{EC696A48-6F1B-4C81-AFC5-64154DC257C5}.Release|x64.ActiveCfg = Release|Any CPU
		{EC696A48-6F1B-4C81-AFC5-64154DC257C5}.Release|x64.Build.0 = Release|Any CPU
		{EC696A48-6F1B-4C81-AFC5-64154DC257C5}.Release|x86.ActiveCfg = Release|Any CPU
		{EC696A48-6F1B-4C81-AFC5-64154DC257C5}.Release|x86.Build.0 = Release|Any CPU
		{7BEB160D-7134-4521-8006-477BD8532B79}.Debug|Any CPU.ActiveCfg = Debug|Any CPU
		{7BEB160D-7134-4521-8006-477BD8532B79}.Debug|Any CPU.Build.0 = Debug|Any CPU
		{7BEB160D-7134-4521-8006-477BD8532B79}.Debug|x64.ActiveCfg = Debug|Any CPU
		{7BEB160D-7134-4521-8006-477BD8532B79}.Debug|x64.Build.0 = Debug|Any CPU
		{7BEB160D-7134-4521-8006-477BD8532B79}.Debug|x86.ActiveCfg = Debug|Any CPU
		{7BEB160D-7134-4521-8006-477BD8532B79}.Debug|x86.Build.0 = Debug|Any CPU
		{7BEB160D-7134-4521-8006-477BD8532B79}.Release|Any CPU.ActiveCfg = Release|Any CPU
		{7BEB160D-7134-4521-8006-477BD8532B79}.Release|Any CPU.Build.0 = Release|Any CPU
		{7BEB160D-7134-4521-8006-477BD8532B79}.Release|x64.ActiveCfg = Release|Any CPU
		{7BEB160D-7134-4521-8006-477BD8532B79}.Release|x64.Build.0 = Release|Any CPU
		{7BEB160D-7134-4521-8006-477BD8532B79}.Release|x86.ActiveCfg = Release|Any CPU
		{7BEB160D-7134-4521-8006-477BD8532B79}.Release|x86.Build.0 = Release|Any CPU
		{9C8B10B5-A938-46AD-A40C-DCF9764E9381}.Debug|Any CPU.ActiveCfg = Debug|Any CPU
		{9C8B10B5-A938-46AD-A40C-DCF9764E9381}.Debug|Any CPU.Build.0 = Debug|Any CPU
		{9C8B10B5-A938-46AD-A40C-DCF9764E9381}.Debug|x64.ActiveCfg = Debug|Any CPU
		{9C8B10B5-A938-46AD-A40C-DCF9764E9381}.Debug|x64.Build.0 = Debug|Any CPU
		{9C8B10B5-A938-46AD-A40C-DCF9764E9381}.Debug|x86.ActiveCfg = Debug|Any CPU
		{9C8B10B5-A938-46AD-A40C-DCF9764E9381}.Debug|x86.Build.0 = Debug|Any CPU
		{9C8B10B5-A938-46AD-A40C-DCF9764E9381}.Release|Any CPU.ActiveCfg = Release|Any CPU
		{9C8B10B5-A938-46AD-A40C-DCF9764E9381}.Release|Any CPU.Build.0 = Release|Any CPU
		{9C8B10B5-A938-46AD-A40C-DCF9764E9381}.Release|x64.ActiveCfg = Release|Any CPU
		{9C8B10B5-A938-46AD-A40C-DCF9764E9381}.Release|x64.Build.0 = Release|Any CPU
		{9C8B10B5-A938-46AD-A40C-DCF9764E9381}.Release|x86.ActiveCfg = Release|Any CPU
		{9C8B10B5-A938-46AD-A40C-DCF9764E9381}.Release|x86.Build.0 = Release|Any CPU
		{A1BC3EF8-3EFD-432F-93B1-D136DB21CC9B}.Debug|Any CPU.ActiveCfg = Debug|Any CPU
		{A1BC3EF8-3EFD-432F-93B1-D136DB21CC9B}.Debug|Any CPU.Build.0 = Debug|Any CPU
		{A1BC3EF8-3EFD-432F-93B1-D136DB21CC9B}.Debug|x64.ActiveCfg = Debug|Any CPU
		{A1BC3EF8-3EFD-432F-93B1-D136DB21CC9B}.Debug|x64.Build.0 = Debug|Any CPU
		{A1BC3EF8-3EFD-432F-93B1-D136DB21CC9B}.Debug|x86.ActiveCfg = Debug|Any CPU
		{A1BC3EF8-3EFD-432F-93B1-D136DB21CC9B}.Debug|x86.Build.0 = Debug|Any CPU
		{A1BC3EF8-3EFD-432F-93B1-D136DB21CC9B}.Release|Any CPU.ActiveCfg = Release|Any CPU
		{A1BC3EF8-3EFD-432F-93B1-D136DB21CC9B}.Release|Any CPU.Build.0 = Release|Any CPU
		{A1BC3EF8-3EFD-432F-93B1-D136DB21CC9B}.Release|x64.ActiveCfg = Release|Any CPU
		{A1BC3EF8-3EFD-432F-93B1-D136DB21CC9B}.Release|x64.Build.0 = Release|Any CPU
		{A1BC3EF8-3EFD-432F-93B1-D136DB21CC9B}.Release|x86.ActiveCfg = Release|Any CPU
		{A1BC3EF8-3EFD-432F-93B1-D136DB21CC9B}.Release|x86.Build.0 = Release|Any CPU
		{D53FC22E-7A9E-4D33-B446-A598B237AE38}.Debug|Any CPU.ActiveCfg = Debug|Any CPU
		{D53FC22E-7A9E-4D33-B446-A598B237AE38}.Debug|Any CPU.Build.0 = Debug|Any CPU
		{D53FC22E-7A9E-4D33-B446-A598B237AE38}.Debug|x64.ActiveCfg = Debug|Any CPU
		{D53FC22E-7A9E-4D33-B446-A598B237AE38}.Debug|x64.Build.0 = Debug|Any CPU
		{D53FC22E-7A9E-4D33-B446-A598B237AE38}.Debug|x86.ActiveCfg = Debug|Any CPU
		{D53FC22E-7A9E-4D33-B446-A598B237AE38}.Debug|x86.Build.0 = Debug|Any CPU
		{D53FC22E-7A9E-4D33-B446-A598B237AE38}.Release|Any CPU.ActiveCfg = Release|Any CPU
		{D53FC22E-7A9E-4D33-B446-A598B237AE38}.Release|Any CPU.Build.0 = Release|Any CPU
		{D53FC22E-7A9E-4D33-B446-A598B237AE38}.Release|x64.ActiveCfg = Release|Any CPU
		{D53FC22E-7A9E-4D33-B446-A598B237AE38}.Release|x64.Build.0 = Release|Any CPU
		{D53FC22E-7A9E-4D33-B446-A598B237AE38}.Release|x86.ActiveCfg = Release|Any CPU
		{D53FC22E-7A9E-4D33-B446-A598B237AE38}.Release|x86.Build.0 = Release|Any CPU
		{7B4633CC-C39F-4A77-BE4B-6F473A7C8431}.Debug|Any CPU.ActiveCfg = Debug|Any CPU
		{7B4633CC-C39F-4A77-BE4B-6F473A7C8431}.Debug|Any CPU.Build.0 = Debug|Any CPU
		{7B4633CC-C39F-4A77-BE4B-6F473A7C8431}.Debug|x64.ActiveCfg = Debug|Any CPU
		{7B4633CC-C39F-4A77-BE4B-6F473A7C8431}.Debug|x64.Build.0 = Debug|Any CPU
		{7B4633CC-C39F-4A77-BE4B-6F473A7C8431}.Debug|x86.ActiveCfg = Debug|Any CPU
		{7B4633CC-C39F-4A77-BE4B-6F473A7C8431}.Debug|x86.Build.0 = Debug|Any CPU
		{7B4633CC-C39F-4A77-BE4B-6F473A7C8431}.Release|Any CPU.ActiveCfg = Release|Any CPU
		{7B4633CC-C39F-4A77-BE4B-6F473A7C8431}.Release|Any CPU.Build.0 = Release|Any CPU
		{7B4633CC-C39F-4A77-BE4B-6F473A7C8431}.Release|x64.ActiveCfg = Release|Any CPU
		{7B4633CC-C39F-4A77-BE4B-6F473A7C8431}.Release|x64.Build.0 = Release|Any CPU
		{7B4633CC-C39F-4A77-BE4B-6F473A7C8431}.Release|x86.ActiveCfg = Release|Any CPU
		{7B4633CC-C39F-4A77-BE4B-6F473A7C8431}.Release|x86.Build.0 = Release|Any CPU
		{44BE2B1B-BBAA-40E4-8AF0-4E33B6DFD93E}.Debug|Any CPU.ActiveCfg = Debug|Any CPU
		{44BE2B1B-BBAA-40E4-8AF0-4E33B6DFD93E}.Debug|Any CPU.Build.0 = Debug|Any CPU
		{44BE2B1B-BBAA-40E4-8AF0-4E33B6DFD93E}.Debug|x64.ActiveCfg = Debug|Any CPU
		{44BE2B1B-BBAA-40E4-8AF0-4E33B6DFD93E}.Debug|x64.Build.0 = Debug|Any CPU
		{44BE2B1B-BBAA-40E4-8AF0-4E33B6DFD93E}.Debug|x86.ActiveCfg = Debug|Any CPU
		{44BE2B1B-BBAA-40E4-8AF0-4E33B6DFD93E}.Debug|x86.Build.0 = Debug|Any CPU
		{44BE2B1B-BBAA-40E4-8AF0-4E33B6DFD93E}.Release|Any CPU.ActiveCfg = Release|Any CPU
		{44BE2B1B-BBAA-40E4-8AF0-4E33B6DFD93E}.Release|Any CPU.Build.0 = Release|Any CPU
		{44BE2B1B-BBAA-40E4-8AF0-4E33B6DFD93E}.Release|x64.ActiveCfg = Release|Any CPU
		{44BE2B1B-BBAA-40E4-8AF0-4E33B6DFD93E}.Release|x64.Build.0 = Release|Any CPU
		{44BE2B1B-BBAA-40E4-8AF0-4E33B6DFD93E}.Release|x86.ActiveCfg = Release|Any CPU
		{44BE2B1B-BBAA-40E4-8AF0-4E33B6DFD93E}.Release|x86.Build.0 = Release|Any CPU
		{74AC7923-68B6-41F6-81E9-9591E300640A}.Debug|Any CPU.ActiveCfg = Debug|Any CPU
		{74AC7923-68B6-41F6-81E9-9591E300640A}.Debug|Any CPU.Build.0 = Debug|Any CPU
		{74AC7923-68B6-41F6-81E9-9591E300640A}.Debug|x64.ActiveCfg = Debug|Any CPU
		{74AC7923-68B6-41F6-81E9-9591E300640A}.Debug|x64.Build.0 = Debug|Any CPU
		{74AC7923-68B6-41F6-81E9-9591E300640A}.Debug|x86.ActiveCfg = Debug|Any CPU
		{74AC7923-68B6-41F6-81E9-9591E300640A}.Debug|x86.Build.0 = Debug|Any CPU
		{74AC7923-68B6-41F6-81E9-9591E300640A}.Release|Any CPU.ActiveCfg = Release|Any CPU
		{74AC7923-68B6-41F6-81E9-9591E300640A}.Release|Any CPU.Build.0 = Release|Any CPU
		{74AC7923-68B6-41F6-81E9-9591E300640A}.Release|x64.ActiveCfg = Release|Any CPU
		{74AC7923-68B6-41F6-81E9-9591E300640A}.Release|x64.Build.0 = Release|Any CPU
		{74AC7923-68B6-41F6-81E9-9591E300640A}.Release|x86.ActiveCfg = Release|Any CPU
		{74AC7923-68B6-41F6-81E9-9591E300640A}.Release|x86.Build.0 = Release|Any CPU
		{7F73A326-5A51-4147-9F45-B9EE83B15EF6}.Debug|Any CPU.ActiveCfg = Debug|Any CPU
		{7F73A326-5A51-4147-9F45-B9EE83B15EF6}.Debug|Any CPU.Build.0 = Debug|Any CPU
		{7F73A326-5A51-4147-9F45-B9EE83B15EF6}.Debug|x64.ActiveCfg = Debug|Any CPU
		{7F73A326-5A51-4147-9F45-B9EE83B15EF6}.Debug|x64.Build.0 = Debug|Any CPU
		{7F73A326-5A51-4147-9F45-B9EE83B15EF6}.Debug|x86.ActiveCfg = Debug|Any CPU
		{7F73A326-5A51-4147-9F45-B9EE83B15EF6}.Debug|x86.Build.0 = Debug|Any CPU
		{7F73A326-5A51-4147-9F45-B9EE83B15EF6}.Release|Any CPU.ActiveCfg = Release|Any CPU
		{7F73A326-5A51-4147-9F45-B9EE83B15EF6}.Release|Any CPU.Build.0 = Release|Any CPU
		{7F73A326-5A51-4147-9F45-B9EE83B15EF6}.Release|x64.ActiveCfg = Release|Any CPU
		{7F73A326-5A51-4147-9F45-B9EE83B15EF6}.Release|x64.Build.0 = Release|Any CPU
		{7F73A326-5A51-4147-9F45-B9EE83B15EF6}.Release|x86.ActiveCfg = Release|Any CPU
		{7F73A326-5A51-4147-9F45-B9EE83B15EF6}.Release|x86.Build.0 = Release|Any CPU
		{6FAE5BA7-195D-47F6-9672-1092AD72858D}.Debug|Any CPU.ActiveCfg = Debug|Any CPU
		{6FAE5BA7-195D-47F6-9672-1092AD72858D}.Debug|Any CPU.Build.0 = Debug|Any CPU
		{6FAE5BA7-195D-47F6-9672-1092AD72858D}.Debug|x64.ActiveCfg = Debug|Any CPU
		{6FAE5BA7-195D-47F6-9672-1092AD72858D}.Debug|x64.Build.0 = Debug|Any CPU
		{6FAE5BA7-195D-47F6-9672-1092AD72858D}.Debug|x86.ActiveCfg = Debug|Any CPU
		{6FAE5BA7-195D-47F6-9672-1092AD72858D}.Debug|x86.Build.0 = Debug|Any CPU
		{6FAE5BA7-195D-47F6-9672-1092AD72858D}.Release|Any CPU.ActiveCfg = Release|Any CPU
		{6FAE5BA7-195D-47F6-9672-1092AD72858D}.Release|Any CPU.Build.0 = Release|Any CPU
		{6FAE5BA7-195D-47F6-9672-1092AD72858D}.Release|x64.ActiveCfg = Release|Any CPU
		{6FAE5BA7-195D-47F6-9672-1092AD72858D}.Release|x64.Build.0 = Release|Any CPU
		{6FAE5BA7-195D-47F6-9672-1092AD72858D}.Release|x86.ActiveCfg = Release|Any CPU
		{6FAE5BA7-195D-47F6-9672-1092AD72858D}.Release|x86.Build.0 = Release|Any CPU
		{9612BBBD-ED29-4115-9189-4A1D293C0963}.Debug|Any CPU.ActiveCfg = Debug|Any CPU
		{9612BBBD-ED29-4115-9189-4A1D293C0963}.Debug|Any CPU.Build.0 = Debug|Any CPU
		{9612BBBD-ED29-4115-9189-4A1D293C0963}.Debug|x64.ActiveCfg = Debug|Any CPU
		{9612BBBD-ED29-4115-9189-4A1D293C0963}.Debug|x64.Build.0 = Debug|Any CPU
		{9612BBBD-ED29-4115-9189-4A1D293C0963}.Debug|x86.ActiveCfg = Debug|Any CPU
		{9612BBBD-ED29-4115-9189-4A1D293C0963}.Debug|x86.Build.0 = Debug|Any CPU
		{9612BBBD-ED29-4115-9189-4A1D293C0963}.Release|Any CPU.ActiveCfg = Release|Any CPU
		{9612BBBD-ED29-4115-9189-4A1D293C0963}.Release|Any CPU.Build.0 = Release|Any CPU
		{9612BBBD-ED29-4115-9189-4A1D293C0963}.Release|x64.ActiveCfg = Release|Any CPU
		{9612BBBD-ED29-4115-9189-4A1D293C0963}.Release|x64.Build.0 = Release|Any CPU
		{9612BBBD-ED29-4115-9189-4A1D293C0963}.Release|x86.ActiveCfg = Release|Any CPU
		{9612BBBD-ED29-4115-9189-4A1D293C0963}.Release|x86.Build.0 = Release|Any CPU
		{43B5C4AE-B325-4E83-9642-DD1815A5F00B}.Debug|Any CPU.ActiveCfg = Debug|Any CPU
		{43B5C4AE-B325-4E83-9642-DD1815A5F00B}.Debug|Any CPU.Build.0 = Debug|Any CPU
		{43B5C4AE-B325-4E83-9642-DD1815A5F00B}.Debug|x64.ActiveCfg = Debug|Any CPU
		{43B5C4AE-B325-4E83-9642-DD1815A5F00B}.Debug|x64.Build.0 = Debug|Any CPU
		{43B5C4AE-B325-4E83-9642-DD1815A5F00B}.Debug|x86.ActiveCfg = Debug|Any CPU
		{43B5C4AE-B325-4E83-9642-DD1815A5F00B}.Debug|x86.Build.0 = Debug|Any CPU
		{43B5C4AE-B325-4E83-9642-DD1815A5F00B}.Release|Any CPU.ActiveCfg = Release|Any CPU
		{43B5C4AE-B325-4E83-9642-DD1815A5F00B}.Release|Any CPU.Build.0 = Release|Any CPU
		{43B5C4AE-B325-4E83-9642-DD1815A5F00B}.Release|x64.ActiveCfg = Release|Any CPU
		{43B5C4AE-B325-4E83-9642-DD1815A5F00B}.Release|x64.Build.0 = Release|Any CPU
		{43B5C4AE-B325-4E83-9642-DD1815A5F00B}.Release|x86.ActiveCfg = Release|Any CPU
		{43B5C4AE-B325-4E83-9642-DD1815A5F00B}.Release|x86.Build.0 = Release|Any CPU
		{0BAF4AA2-EF57-4C18-8157-D1ED72B49608}.Debug|Any CPU.ActiveCfg = Debug|Any CPU
		{0BAF4AA2-EF57-4C18-8157-D1ED72B49608}.Debug|Any CPU.Build.0 = Debug|Any CPU
		{0BAF4AA2-EF57-4C18-8157-D1ED72B49608}.Debug|x64.ActiveCfg = Debug|Any CPU
		{0BAF4AA2-EF57-4C18-8157-D1ED72B49608}.Debug|x64.Build.0 = Debug|Any CPU
		{0BAF4AA2-EF57-4C18-8157-D1ED72B49608}.Debug|x86.ActiveCfg = Debug|Any CPU
		{0BAF4AA2-EF57-4C18-8157-D1ED72B49608}.Debug|x86.Build.0 = Debug|Any CPU
		{0BAF4AA2-EF57-4C18-8157-D1ED72B49608}.Release|Any CPU.ActiveCfg = Release|Any CPU
		{0BAF4AA2-EF57-4C18-8157-D1ED72B49608}.Release|Any CPU.Build.0 = Release|Any CPU
		{0BAF4AA2-EF57-4C18-8157-D1ED72B49608}.Release|x64.ActiveCfg = Release|Any CPU
		{0BAF4AA2-EF57-4C18-8157-D1ED72B49608}.Release|x64.Build.0 = Release|Any CPU
		{0BAF4AA2-EF57-4C18-8157-D1ED72B49608}.Release|x86.ActiveCfg = Release|Any CPU
		{0BAF4AA2-EF57-4C18-8157-D1ED72B49608}.Release|x86.Build.0 = Release|Any CPU
		{4A8D8F93-36FB-45A3-9219-FFF18D67718E}.Debug|Any CPU.ActiveCfg = Debug|Any CPU
		{4A8D8F93-36FB-45A3-9219-FFF18D67718E}.Debug|Any CPU.Build.0 = Debug|Any CPU
		{4A8D8F93-36FB-45A3-9219-FFF18D67718E}.Debug|x64.ActiveCfg = Debug|Any CPU
		{4A8D8F93-36FB-45A3-9219-FFF18D67718E}.Debug|x64.Build.0 = Debug|Any CPU
		{4A8D8F93-36FB-45A3-9219-FFF18D67718E}.Debug|x86.ActiveCfg = Debug|Any CPU
		{4A8D8F93-36FB-45A3-9219-FFF18D67718E}.Debug|x86.Build.0 = Debug|Any CPU
		{4A8D8F93-36FB-45A3-9219-FFF18D67718E}.Release|Any CPU.ActiveCfg = Release|Any CPU
		{4A8D8F93-36FB-45A3-9219-FFF18D67718E}.Release|Any CPU.Build.0 = Release|Any CPU
		{4A8D8F93-36FB-45A3-9219-FFF18D67718E}.Release|x64.ActiveCfg = Release|Any CPU
		{4A8D8F93-36FB-45A3-9219-FFF18D67718E}.Release|x64.Build.0 = Release|Any CPU
		{4A8D8F93-36FB-45A3-9219-FFF18D67718E}.Release|x86.ActiveCfg = Release|Any CPU
		{4A8D8F93-36FB-45A3-9219-FFF18D67718E}.Release|x86.Build.0 = Release|Any CPU
		{CD205D7D-46E9-43A2-B605-CE8559091D0B}.Debug|Any CPU.ActiveCfg = Debug|Any CPU
		{CD205D7D-46E9-43A2-B605-CE8559091D0B}.Debug|Any CPU.Build.0 = Debug|Any CPU
		{CD205D7D-46E9-43A2-B605-CE8559091D0B}.Debug|x64.ActiveCfg = Debug|Any CPU
		{CD205D7D-46E9-43A2-B605-CE8559091D0B}.Debug|x64.Build.0 = Debug|Any CPU
		{CD205D7D-46E9-43A2-B605-CE8559091D0B}.Debug|x86.ActiveCfg = Debug|Any CPU
		{CD205D7D-46E9-43A2-B605-CE8559091D0B}.Debug|x86.Build.0 = Debug|Any CPU
		{CD205D7D-46E9-43A2-B605-CE8559091D0B}.Release|Any CPU.ActiveCfg = Release|Any CPU
		{CD205D7D-46E9-43A2-B605-CE8559091D0B}.Release|Any CPU.Build.0 = Release|Any CPU
		{CD205D7D-46E9-43A2-B605-CE8559091D0B}.Release|x64.ActiveCfg = Release|Any CPU
		{CD205D7D-46E9-43A2-B605-CE8559091D0B}.Release|x64.Build.0 = Release|Any CPU
		{CD205D7D-46E9-43A2-B605-CE8559091D0B}.Release|x86.ActiveCfg = Release|Any CPU
		{CD205D7D-46E9-43A2-B605-CE8559091D0B}.Release|x86.Build.0 = Release|Any CPU
		{E9A4BE74-A56A-4307-AC47-78249D752547}.Debug|Any CPU.ActiveCfg = Debug|Any CPU
		{E9A4BE74-A56A-4307-AC47-78249D752547}.Debug|Any CPU.Build.0 = Debug|Any CPU
		{E9A4BE74-A56A-4307-AC47-78249D752547}.Debug|x64.ActiveCfg = Debug|Any CPU
		{E9A4BE74-A56A-4307-AC47-78249D752547}.Debug|x64.Build.0 = Debug|Any CPU
		{E9A4BE74-A56A-4307-AC47-78249D752547}.Debug|x86.ActiveCfg = Debug|Any CPU
		{E9A4BE74-A56A-4307-AC47-78249D752547}.Debug|x86.Build.0 = Debug|Any CPU
		{E9A4BE74-A56A-4307-AC47-78249D752547}.Release|Any CPU.ActiveCfg = Release|Any CPU
		{E9A4BE74-A56A-4307-AC47-78249D752547}.Release|Any CPU.Build.0 = Release|Any CPU
		{E9A4BE74-A56A-4307-AC47-78249D752547}.Release|x64.ActiveCfg = Release|Any CPU
		{E9A4BE74-A56A-4307-AC47-78249D752547}.Release|x64.Build.0 = Release|Any CPU
		{E9A4BE74-A56A-4307-AC47-78249D752547}.Release|x86.ActiveCfg = Release|Any CPU
		{E9A4BE74-A56A-4307-AC47-78249D752547}.Release|x86.Build.0 = Release|Any CPU
		{7DC276E8-6F7D-4EF3-9023-3445090EE079}.Debug|Any CPU.ActiveCfg = Debug|Any CPU
		{7DC276E8-6F7D-4EF3-9023-3445090EE079}.Debug|Any CPU.Build.0 = Debug|Any CPU
		{7DC276E8-6F7D-4EF3-9023-3445090EE079}.Debug|x64.ActiveCfg = Debug|Any CPU
		{7DC276E8-6F7D-4EF3-9023-3445090EE079}.Debug|x64.Build.0 = Debug|Any CPU
		{7DC276E8-6F7D-4EF3-9023-3445090EE079}.Debug|x86.ActiveCfg = Debug|Any CPU
		{7DC276E8-6F7D-4EF3-9023-3445090EE079}.Debug|x86.Build.0 = Debug|Any CPU
		{7DC276E8-6F7D-4EF3-9023-3445090EE079}.Release|Any CPU.ActiveCfg = Release|Any CPU
		{7DC276E8-6F7D-4EF3-9023-3445090EE079}.Release|Any CPU.Build.0 = Release|Any CPU
		{7DC276E8-6F7D-4EF3-9023-3445090EE079}.Release|x64.ActiveCfg = Release|Any CPU
		{7DC276E8-6F7D-4EF3-9023-3445090EE079}.Release|x64.Build.0 = Release|Any CPU
		{7DC276E8-6F7D-4EF3-9023-3445090EE079}.Release|x86.ActiveCfg = Release|Any CPU
		{7DC276E8-6F7D-4EF3-9023-3445090EE079}.Release|x86.Build.0 = Release|Any CPU
		{AABB424E-9BBD-4661-AE5B-BE637414BDDC}.Debug|Any CPU.ActiveCfg = Debug|Any CPU
		{AABB424E-9BBD-4661-AE5B-BE637414BDDC}.Debug|Any CPU.Build.0 = Debug|Any CPU
		{AABB424E-9BBD-4661-AE5B-BE637414BDDC}.Debug|x64.ActiveCfg = Debug|Any CPU
		{AABB424E-9BBD-4661-AE5B-BE637414BDDC}.Debug|x64.Build.0 = Debug|Any CPU
		{AABB424E-9BBD-4661-AE5B-BE637414BDDC}.Debug|x86.ActiveCfg = Debug|Any CPU
		{AABB424E-9BBD-4661-AE5B-BE637414BDDC}.Debug|x86.Build.0 = Debug|Any CPU
		{AABB424E-9BBD-4661-AE5B-BE637414BDDC}.Release|Any CPU.ActiveCfg = Release|Any CPU
		{AABB424E-9BBD-4661-AE5B-BE637414BDDC}.Release|Any CPU.Build.0 = Release|Any CPU
		{AABB424E-9BBD-4661-AE5B-BE637414BDDC}.Release|x64.ActiveCfg = Release|Any CPU
		{AABB424E-9BBD-4661-AE5B-BE637414BDDC}.Release|x64.Build.0 = Release|Any CPU
		{AABB424E-9BBD-4661-AE5B-BE637414BDDC}.Release|x86.ActiveCfg = Release|Any CPU
		{AABB424E-9BBD-4661-AE5B-BE637414BDDC}.Release|x86.Build.0 = Release|Any CPU
		{8928D662-8C94-4E5A-B74D-E9711677A1FE}.Debug|Any CPU.ActiveCfg = Debug|Any CPU
		{8928D662-8C94-4E5A-B74D-E9711677A1FE}.Debug|Any CPU.Build.0 = Debug|Any CPU
		{8928D662-8C94-4E5A-B74D-E9711677A1FE}.Debug|x64.ActiveCfg = Debug|Any CPU
		{8928D662-8C94-4E5A-B74D-E9711677A1FE}.Debug|x64.Build.0 = Debug|Any CPU
		{8928D662-8C94-4E5A-B74D-E9711677A1FE}.Debug|x86.ActiveCfg = Debug|Any CPU
		{8928D662-8C94-4E5A-B74D-E9711677A1FE}.Debug|x86.Build.0 = Debug|Any CPU
		{8928D662-8C94-4E5A-B74D-E9711677A1FE}.Release|Any CPU.ActiveCfg = Release|Any CPU
		{8928D662-8C94-4E5A-B74D-E9711677A1FE}.Release|Any CPU.Build.0 = Release|Any CPU
		{8928D662-8C94-4E5A-B74D-E9711677A1FE}.Release|x64.ActiveCfg = Release|Any CPU
		{8928D662-8C94-4E5A-B74D-E9711677A1FE}.Release|x64.Build.0 = Release|Any CPU
		{8928D662-8C94-4E5A-B74D-E9711677A1FE}.Release|x86.ActiveCfg = Release|Any CPU
		{8928D662-8C94-4E5A-B74D-E9711677A1FE}.Release|x86.Build.0 = Release|Any CPU
		{2ECF44C1-7D3E-48C7-9AFD-A1FA2BBF54FB}.Debug|Any CPU.ActiveCfg = Debug|Any CPU
		{2ECF44C1-7D3E-48C7-9AFD-A1FA2BBF54FB}.Debug|Any CPU.Build.0 = Debug|Any CPU
		{2ECF44C1-7D3E-48C7-9AFD-A1FA2BBF54FB}.Debug|x64.ActiveCfg = Debug|Any CPU
		{2ECF44C1-7D3E-48C7-9AFD-A1FA2BBF54FB}.Debug|x64.Build.0 = Debug|Any CPU
		{2ECF44C1-7D3E-48C7-9AFD-A1FA2BBF54FB}.Debug|x86.ActiveCfg = Debug|Any CPU
		{2ECF44C1-7D3E-48C7-9AFD-A1FA2BBF54FB}.Debug|x86.Build.0 = Debug|Any CPU
		{2ECF44C1-7D3E-48C7-9AFD-A1FA2BBF54FB}.Release|Any CPU.ActiveCfg = Release|Any CPU
		{2ECF44C1-7D3E-48C7-9AFD-A1FA2BBF54FB}.Release|Any CPU.Build.0 = Release|Any CPU
		{2ECF44C1-7D3E-48C7-9AFD-A1FA2BBF54FB}.Release|x64.ActiveCfg = Release|Any CPU
		{2ECF44C1-7D3E-48C7-9AFD-A1FA2BBF54FB}.Release|x64.Build.0 = Release|Any CPU
		{2ECF44C1-7D3E-48C7-9AFD-A1FA2BBF54FB}.Release|x86.ActiveCfg = Release|Any CPU
		{2ECF44C1-7D3E-48C7-9AFD-A1FA2BBF54FB}.Release|x86.Build.0 = Release|Any CPU
		{E1E9498F-0019-444E-98DE-2ECA450593F7}.Debug|Any CPU.ActiveCfg = Debug|Any CPU
		{E1E9498F-0019-444E-98DE-2ECA450593F7}.Debug|Any CPU.Build.0 = Debug|Any CPU
		{E1E9498F-0019-444E-98DE-2ECA450593F7}.Debug|x64.ActiveCfg = Debug|Any CPU
		{E1E9498F-0019-444E-98DE-2ECA450593F7}.Debug|x64.Build.0 = Debug|Any CPU
		{E1E9498F-0019-444E-98DE-2ECA450593F7}.Debug|x86.ActiveCfg = Debug|Any CPU
		{E1E9498F-0019-444E-98DE-2ECA450593F7}.Debug|x86.Build.0 = Debug|Any CPU
		{E1E9498F-0019-444E-98DE-2ECA450593F7}.Release|Any CPU.ActiveCfg = Release|Any CPU
		{E1E9498F-0019-444E-98DE-2ECA450593F7}.Release|Any CPU.Build.0 = Release|Any CPU
		{E1E9498F-0019-444E-98DE-2ECA450593F7}.Release|x64.ActiveCfg = Release|Any CPU
		{E1E9498F-0019-444E-98DE-2ECA450593F7}.Release|x64.Build.0 = Release|Any CPU
		{E1E9498F-0019-444E-98DE-2ECA450593F7}.Release|x86.ActiveCfg = Release|Any CPU
		{E1E9498F-0019-444E-98DE-2ECA450593F7}.Release|x86.Build.0 = Release|Any CPU
		{B7952EBA-7A9B-4E5C-9AE6-C238CD115B54}.Debug|Any CPU.ActiveCfg = Debug|Any CPU
		{B7952EBA-7A9B-4E5C-9AE6-C238CD115B54}.Debug|Any CPU.Build.0 = Debug|Any CPU
		{B7952EBA-7A9B-4E5C-9AE6-C238CD115B54}.Debug|x64.ActiveCfg = Debug|Any CPU
		{B7952EBA-7A9B-4E5C-9AE6-C238CD115B54}.Debug|x64.Build.0 = Debug|Any CPU
		{B7952EBA-7A9B-4E5C-9AE6-C238CD115B54}.Debug|x86.ActiveCfg = Debug|Any CPU
		{B7952EBA-7A9B-4E5C-9AE6-C238CD115B54}.Debug|x86.Build.0 = Debug|Any CPU
		{B7952EBA-7A9B-4E5C-9AE6-C238CD115B54}.Release|Any CPU.ActiveCfg = Release|Any CPU
		{B7952EBA-7A9B-4E5C-9AE6-C238CD115B54}.Release|Any CPU.Build.0 = Release|Any CPU
		{B7952EBA-7A9B-4E5C-9AE6-C238CD115B54}.Release|x64.ActiveCfg = Release|Any CPU
		{B7952EBA-7A9B-4E5C-9AE6-C238CD115B54}.Release|x64.Build.0 = Release|Any CPU
		{B7952EBA-7A9B-4E5C-9AE6-C238CD115B54}.Release|x86.ActiveCfg = Release|Any CPU
		{B7952EBA-7A9B-4E5C-9AE6-C238CD115B54}.Release|x86.Build.0 = Release|Any CPU
		{7D76C052-D686-49D0-B456-FD52740B81EC}.Debug|Any CPU.ActiveCfg = Debug|Any CPU
		{7D76C052-D686-49D0-B456-FD52740B81EC}.Debug|Any CPU.Build.0 = Debug|Any CPU
		{7D76C052-D686-49D0-B456-FD52740B81EC}.Debug|x64.ActiveCfg = Debug|Any CPU
		{7D76C052-D686-49D0-B456-FD52740B81EC}.Debug|x64.Build.0 = Debug|Any CPU
		{7D76C052-D686-49D0-B456-FD52740B81EC}.Debug|x86.ActiveCfg = Debug|Any CPU
		{7D76C052-D686-49D0-B456-FD52740B81EC}.Debug|x86.Build.0 = Debug|Any CPU
		{7D76C052-D686-49D0-B456-FD52740B81EC}.Release|Any CPU.ActiveCfg = Release|Any CPU
		{7D76C052-D686-49D0-B456-FD52740B81EC}.Release|Any CPU.Build.0 = Release|Any CPU
		{7D76C052-D686-49D0-B456-FD52740B81EC}.Release|x64.ActiveCfg = Release|Any CPU
		{7D76C052-D686-49D0-B456-FD52740B81EC}.Release|x64.Build.0 = Release|Any CPU
		{7D76C052-D686-49D0-B456-FD52740B81EC}.Release|x86.ActiveCfg = Release|Any CPU
		{7D76C052-D686-49D0-B456-FD52740B81EC}.Release|x86.Build.0 = Release|Any CPU
		{ED3B5A35-47A1-4855-9B90-B928AE39D2A8}.Debug|Any CPU.ActiveCfg = Debug|Any CPU
		{ED3B5A35-47A1-4855-9B90-B928AE39D2A8}.Debug|Any CPU.Build.0 = Debug|Any CPU
		{ED3B5A35-47A1-4855-9B90-B928AE39D2A8}.Debug|x64.ActiveCfg = Debug|Any CPU
		{ED3B5A35-47A1-4855-9B90-B928AE39D2A8}.Debug|x64.Build.0 = Debug|Any CPU
		{ED3B5A35-47A1-4855-9B90-B928AE39D2A8}.Debug|x86.ActiveCfg = Debug|Any CPU
		{ED3B5A35-47A1-4855-9B90-B928AE39D2A8}.Debug|x86.Build.0 = Debug|Any CPU
		{ED3B5A35-47A1-4855-9B90-B928AE39D2A8}.Release|Any CPU.ActiveCfg = Release|Any CPU
		{ED3B5A35-47A1-4855-9B90-B928AE39D2A8}.Release|Any CPU.Build.0 = Release|Any CPU
		{ED3B5A35-47A1-4855-9B90-B928AE39D2A8}.Release|x64.ActiveCfg = Release|Any CPU
		{ED3B5A35-47A1-4855-9B90-B928AE39D2A8}.Release|x64.Build.0 = Release|Any CPU
		{ED3B5A35-47A1-4855-9B90-B928AE39D2A8}.Release|x86.ActiveCfg = Release|Any CPU
		{ED3B5A35-47A1-4855-9B90-B928AE39D2A8}.Release|x86.Build.0 = Release|Any CPU
		{78D6FC25-5120-41F7-B6FD-13D05103A5EC}.Debug|Any CPU.ActiveCfg = Debug|Any CPU
		{78D6FC25-5120-41F7-B6FD-13D05103A5EC}.Debug|Any CPU.Build.0 = Debug|Any CPU
		{78D6FC25-5120-41F7-B6FD-13D05103A5EC}.Debug|x64.ActiveCfg = Debug|Any CPU
		{78D6FC25-5120-41F7-B6FD-13D05103A5EC}.Debug|x64.Build.0 = Debug|Any CPU
		{78D6FC25-5120-41F7-B6FD-13D05103A5EC}.Debug|x86.ActiveCfg = Debug|Any CPU
		{78D6FC25-5120-41F7-B6FD-13D05103A5EC}.Debug|x86.Build.0 = Debug|Any CPU
		{78D6FC25-5120-41F7-B6FD-13D05103A5EC}.Release|Any CPU.ActiveCfg = Release|Any CPU
		{78D6FC25-5120-41F7-B6FD-13D05103A5EC}.Release|Any CPU.Build.0 = Release|Any CPU
		{78D6FC25-5120-41F7-B6FD-13D05103A5EC}.Release|x64.ActiveCfg = Release|Any CPU
		{78D6FC25-5120-41F7-B6FD-13D05103A5EC}.Release|x64.Build.0 = Release|Any CPU
		{78D6FC25-5120-41F7-B6FD-13D05103A5EC}.Release|x86.ActiveCfg = Release|Any CPU
		{78D6FC25-5120-41F7-B6FD-13D05103A5EC}.Release|x86.Build.0 = Release|Any CPU
		{5D975004-AB5F-469B-813D-65C28E4C7D29}.Debug|Any CPU.ActiveCfg = Debug|Any CPU
		{5D975004-AB5F-469B-813D-65C28E4C7D29}.Debug|Any CPU.Build.0 = Debug|Any CPU
		{5D975004-AB5F-469B-813D-65C28E4C7D29}.Debug|x64.ActiveCfg = Debug|Any CPU
		{5D975004-AB5F-469B-813D-65C28E4C7D29}.Debug|x64.Build.0 = Debug|Any CPU
		{5D975004-AB5F-469B-813D-65C28E4C7D29}.Debug|x86.ActiveCfg = Debug|Any CPU
		{5D975004-AB5F-469B-813D-65C28E4C7D29}.Debug|x86.Build.0 = Debug|Any CPU
		{5D975004-AB5F-469B-813D-65C28E4C7D29}.Release|Any CPU.ActiveCfg = Release|Any CPU
		{5D975004-AB5F-469B-813D-65C28E4C7D29}.Release|Any CPU.Build.0 = Release|Any CPU
		{5D975004-AB5F-469B-813D-65C28E4C7D29}.Release|x64.ActiveCfg = Release|Any CPU
		{5D975004-AB5F-469B-813D-65C28E4C7D29}.Release|x64.Build.0 = Release|Any CPU
		{5D975004-AB5F-469B-813D-65C28E4C7D29}.Release|x86.ActiveCfg = Release|Any CPU
		{5D975004-AB5F-469B-813D-65C28E4C7D29}.Release|x86.Build.0 = Release|Any CPU
	EndGlobalSection
	GlobalSection(SolutionProperties) = preSolution
		HideSolutionNode = FALSE
	EndGlobalSection
EndGlobal
